PODS:
  - Bolts (1.2.0):
    - Bolts/AppLinks (= 1.2.0)
    - Bolts/Tasks (= 1.2.0)
  - Bolts/AppLinks (1.2.0):
    - Bolts/Tasks
  - Bolts/Tasks (1.2.0)
  - Facebook-iOS-SDK (4.1.0):
    - Bolts (~> 1.1)
    - Facebook-iOS-SDK/CoreKit (= 4.1.0)
    - Facebook-iOS-SDK/LoginKit (= 4.1.0)
    - Facebook-iOS-SDK/ShareKit (= 4.1.0)
  - Facebook-iOS-SDK/CoreKit (4.1.0):
    - Bolts (~> 1.1)
    - Facebook-iOS-SDK/CoreKit/no-arc (= 4.1.0)
  - Facebook-iOS-SDK/CoreKit/no-arc (4.1.0):
    - Bolts (~> 1.1)
  - Facebook-iOS-SDK/LoginKit (4.1.0):
    - Bolts (~> 1.1)
    - Facebook-iOS-SDK/CoreKit
  - Facebook-iOS-SDK/ShareKit (4.1.0):
    - Bolts (~> 1.1)
    - Facebook-iOS-SDK/CoreKit
  - Parse (1.7.5.3):
    - Bolts/Tasks (>= 1.2.0)

DEPENDENCIES:
  - Facebook-iOS-SDK
  - Parse

SPEC CHECKSUMS:
  Bolts: d176cb1e0012175589e389a9db49b85e27787576
  Facebook-iOS-SDK: f42dfb27283bf5f05e3a9edc88459a75b9892d99
  Parse: 373adbb1ad2e34d383542c3b28f678c49ebe4881

COCOAPODS: 0.38.2
