// !$*UTF8*$!
{
	archiveVersion = 1;
	classes = {
	};
	objectVersion = 46;
	objects = {

/* Begin PBXBuildFile section */
		0268E285B0BFE2D5B99C2CD0 /* libPods.a in Frameworks */ = {isa = PBXBuildFile; fileRef = 4BC8AFA8E1FF9C664554D39D /* libPods.a */; };
		7502BFF81B760933007D18EF /* main.m in Sources */ = {isa = PBXBuildFile; fileRef = 7502BFF71B760933007D18EF /* main.m */; };
		7502BFFB1B760933007D18EF /* AppDelegate.m in Sources */ = {isa = PBXBuildFile; fileRef = 7502BFFA1B760933007D18EF /* AppDelegate.m */; };
		7502C0041B760933007D18EF /* Main.storyboard in Resources */ = {isa = PBXBuildFile; fileRef = 7502C0021B760933007D18EF /* Main.storyboard */; };
		7502C0061B760933007D18EF /* Images.xcassets in Resources */ = {isa = PBXBuildFile; fileRef = 7502C0051B760933007D18EF /* Images.xcassets */; };
		7502C0091B760933007D18EF /* LaunchScreen.xib in Resources */ = {isa = PBXBuildFile; fileRef = 7502C0071B760933007D18EF /* LaunchScreen.xib */; };
		7502C0151B760933007D18EF /* MatchUpTests.m in Sources */ = {isa = PBXBuildFile; fileRef = 7502C0141B760933007D18EF /* MatchUpTests.m */; };
		7502C0201B7609B4007D18EF /* LoginViewController.m in Sources */ = {isa = PBXBuildFile; fileRef = 7502C01F1B7609B4007D18EF /* LoginViewController.m */; };
		7570B1311B80172100790E39 /* MatchViewController.m in Sources */ = {isa = PBXBuildFile; fileRef = 7570B1301B80172100790E39 /* MatchViewController.m */; };
		7570B1351B80468F00790E39 /* MatchesViewController.m in Sources */ = {isa = PBXBuildFile; fileRef = 7570B1341B80468F00790E39 /* MatchesViewController.m */; };
		7570B1391B80533300790E39 /* ChatViewController.m in Sources */ = {isa = PBXBuildFile; fileRef = 7570B1381B80533300790E39 /* ChatViewController.m */; };
		7570B13B1B84438400790E39 /* defaultPrefsFile.plist in Resources */ = {isa = PBXBuildFile; fileRef = 7570B13A1B84438400790E39 /* defaultPrefsFile.plist */; };
		7570B1E01B85EFA100790E39 /* BG.png in Resources */ = {isa = PBXBuildFile; fileRef = 7570B13F1B85EFA100790E39 /* BG.png */; };
		7570B1E11B85EFA100790E39 /* BG@2x.png in Resources */ = {isa = PBXBuildFile; fileRef = 7570B1401B85EFA100790E39 /* BG@2x.png */; };
		7570B1E21B85EFA100790E39 /* BG.png in Resources */ = {isa = PBXBuildFile; fileRef = 7570B1411B85EFA100790E39 /* BG.png */; };
		7570B1E31B85EFA100790E39 /* BG@2x.png in Resources */ = {isa = PBXBuildFile; fileRef = 7570B1421B85EFA100790E39 /* BG@2x.png */; };
		7570B1E41B85EFA100790E39 /* Facebook.png in Resources */ = {isa = PBXBuildFile; fileRef = 7570B1441B85EFA100790E39 /* Facebook.png */; };
		7570B1E51B85EFA100790E39 /* Facebook@2x.png in Resources */ = {isa = PBXBuildFile; fileRef = 7570B1451B85EFA100790E39 /* Facebook@2x.png */; };
		7570B1E61B85EFA100790E39 /* Logo.png in Resources */ = {isa = PBXBuildFile; fileRef = 7570B1461B85EFA100790E39 /* Logo.png */; };
		7570B1E71B85EFA100790E39 /* Logo@2x.png in Resources */ = {isa = PBXBuildFile; fileRef = 7570B1471B85EFA100790E39 /* Logo@2x.png */; };
		7570B1E81B85EFA100790E39 /* BG.png in Resources */ = {isa = PBXBuildFile; fileRef = 7570B1491B85EFA100790E39 /* BG.png */; };
		7570B1E91B85EFA100790E39 /* BG@2x.png in Resources */ = {isa = PBXBuildFile; fileRef = 7570B14A1B85EFA100790E39 /* BG@2x.png */; };
		7570B1EA1B85EFA100790E39 /* ChatIcon.png in Resources */ = {isa = PBXBuildFile; fileRef = 7570B14B1B85EFA100790E39 /* ChatIcon.png */; };
		7570B1EB1B85EFA100790E39 /* ChatIcon@2x.png in Resources */ = {isa = PBXBuildFile; fileRef = 7570B14C1B85EFA100790E39 /* ChatIcon@2x.png */; };
		7570B1EC1B85EFA100790E39 /* DislikeIcon.png in Resources */ = {isa = PBXBuildFile; fileRef = 7570B14D1B85EFA100790E39 /* DislikeIcon.png */; };
		7570B1ED1B85EFA100790E39 /* DislikeIcon@2x.png in Resources */ = {isa = PBXBuildFile; fileRef = 7570B14E1B85EFA100790E39 /* DislikeIcon@2x.png */; };
		7570B1EE1B85EFA100790E39 /* InfoIcon.png in Resources */ = {isa = PBXBuildFile; fileRef = 7570B14F1B85EFA100790E39 /* InfoIcon.png */; };
		7570B1EF1B85EFA100790E39 /* InfoIcon@2x.png in Resources */ = {isa = PBXBuildFile; fileRef = 7570B1501B85EFA100790E39 /* InfoIcon@2x.png */; };
		7570B1F01B85EFA100790E39 /* LikeIcon.png in Resources */ = {isa = PBXBuildFile; fileRef = 7570B1511B85EFA100790E39 /* LikeIcon.png */; };
		7570B1F11B85EFA100790E39 /* LikeIcon@2x.png in Resources */ = {isa = PBXBuildFile; fileRef = 7570B1521B85EFA100790E39 /* LikeIcon@2x.png */; };
		7570B1F21B85EFA100790E39 /* Matched-Up.png in Resources */ = {isa = PBXBuildFile; fileRef = 7570B1531B85EFA100790E39 /* Matched-Up.png */; };
		7570B1F31B85EFA100790E39 /* Matched-Up@2x.png in Resources */ = {isa = PBXBuildFile; fileRef = 7570B1541B85EFA100790E39 /* Matched-Up@2x.png */; };
		7570B1F41B85EFA100790E39 /* SettingIcon.png in Resources */ = {isa = PBXBuildFile; fileRef = 7570B1551B85EFA100790E39 /* SettingIcon.png */; };
		7570B1F51B85EFA100790E39 /* SettingIcon@2x.png in Resources */ = {isa = PBXBuildFile; fileRef = 7570B1561B85EFA100790E39 /* SettingIcon@2x.png */; };
		7570B1F61B85EFA100790E39 /* Top_NavBG.png in Resources */ = {isa = PBXBuildFile; fileRef = 7570B1571B85EFA100790E39 /* Top_NavBG.png */; };
		7570B1F71B85EFA100790E39 /* Top_NavBG@2x.png in Resources */ = {isa = PBXBuildFile; fileRef = 7570B1581B85EFA100790E39 /* Top_NavBG@2x.png */; };
		7570B1F81B85EFA100790E39 /* User_Image.png in Resources */ = {isa = PBXBuildFile; fileRef = 7570B1591B85EFA100790E39 /* User_Image.png */; };
		7570B1F91B85EFA100790E39 /* User_Image@2x.png in Resources */ = {isa = PBXBuildFile; fileRef = 7570B15A1B85EFA100790E39 /* User_Image@2x.png */; };
		7570B1FA1B85EFA100790E39 /* VP_BG.png in Resources */ = {isa = PBXBuildFile; fileRef = 7570B15B1B85EFA100790E39 /* VP_BG.png */; };
		7570B1FB1B85EFA100790E39 /* VP_BG@2x.png in Resources */ = {isa = PBXBuildFile; fileRef = 7570B15C1B85EFA100790E39 /* VP_BG@2x.png */; };
		7570B1FC1B85EFA100790E39 /* About_BG.png in Resources */ = {isa = PBXBuildFile; fileRef = 7570B15E1B85EFA100790E39 /* About_BG.png */; };
		7570B1FD1B85EFA100790E39 /* About_BG@2x.png in Resources */ = {isa = PBXBuildFile; fileRef = 7570B15F1B85EFA100790E39 /* About_BG@2x.png */; };
		7570B1FE1B85EFA100790E39 /* AgeIcon.png in Resources */ = {isa = PBXBuildFile; fileRef = 7570B1601B85EFA100790E39 /* AgeIcon.png */; };
		7570B1FF1B85EFA100790E39 /* AgeIcon@2x.png in Resources */ = {isa = PBXBuildFile; fileRef = 7570B1611B85EFA100790E39 /* AgeIcon@2x.png */; };
		7570B2001B85EFA100790E39 /* BG.png in Resources */ = {isa = PBXBuildFile; fileRef = 7570B1621B85EFA100790E39 /* BG.png */; };
		7570B2011B85EFA100790E39 /* BG@2x.png in Resources */ = {isa = PBXBuildFile; fileRef = 7570B1631B85EFA100790E39 /* BG@2x.png */; };
		7570B2021B85EFA100790E39 /* ChatIcon.png in Resources */ = {isa = PBXBuildFile; fileRef = 7570B1641B85EFA100790E39 /* ChatIcon.png */; };
		7570B2031B85EFA100790E39 /* ChatIcon@2x.png in Resources */ = {isa = PBXBuildFile; fileRef = 7570B1651B85EFA100790E39 /* ChatIcon@2x.png */; };
		7570B2041B85EFA100790E39 /* DislikeIcon.png in Resources */ = {isa = PBXBuildFile; fileRef = 7570B1661B85EFA100790E39 /* DislikeIcon.png */; };
		7570B2051B85EFA100790E39 /* DislikeIcon@2x.png in Resources */ = {isa = PBXBuildFile; fileRef = 7570B1671B85EFA100790E39 /* DislikeIcon@2x.png */; };
		7570B2061B85EFA100790E39 /* InfoIcon.png in Resources */ = {isa = PBXBuildFile; fileRef = 7570B1681B85EFA100790E39 /* InfoIcon.png */; };
		7570B2071B85EFA100790E39 /* InfoIcon@2x.png in Resources */ = {isa = PBXBuildFile; fileRef = 7570B1691B85EFA100790E39 /* InfoIcon@2x.png */; };
		7570B2081B85EFA100790E39 /* LikeIcon.png in Resources */ = {isa = PBXBuildFile; fileRef = 7570B16A1B85EFA100790E39 /* LikeIcon.png */; };
		7570B2091B85EFA100790E39 /* LikeIcon@2x.png in Resources */ = {isa = PBXBuildFile; fileRef = 7570B16B1B85EFA100790E39 /* LikeIcon@2x.png */; };
		7570B20A1B85EFA100790E39 /* location.png in Resources */ = {isa = PBXBuildFile; fileRef = 7570B16C1B85EFA100790E39 /* location.png */; };
		7570B20B1B85EFA100790E39 /* location@2x.png in Resources */ = {isa = PBXBuildFile; fileRef = 7570B16D1B85EFA100790E39 /* location@2x.png */; };
		7570B20C1B85EFA100790E39 /* NameAgeStatusBar.png in Resources */ = {isa = PBXBuildFile; fileRef = 7570B16E1B85EFA100790E39 /* NameAgeStatusBar.png */; };
		7570B20D1B85EFA100790E39 /* NameAgeStatusBar@2x.png in Resources */ = {isa = PBXBuildFile; fileRef = 7570B16F1B85EFA100790E39 /* NameAgeStatusBar@2x.png */; };
		7570B20E1B85EFA100790E39 /* SettingIcon.png in Resources */ = {isa = PBXBuildFile; fileRef = 7570B1701B85EFA100790E39 /* SettingIcon.png */; };
		7570B20F1B85EFA100790E39 /* SettingIcon@2x.png in Resources */ = {isa = PBXBuildFile; fileRef = 7570B1711B85EFA100790E39 /* SettingIcon@2x.png */; };
		7570B2101B85EFA100790E39 /* Single.png in Resources */ = {isa = PBXBuildFile; fileRef = 7570B1721B85EFA100790E39 /* Single.png */; };
		7570B2111B85EFA100790E39 /* Single@2x.png in Resources */ = {isa = PBXBuildFile; fileRef = 7570B1731B85EFA100790E39 /* Single@2x.png */; };
		7570B2121B85EFA100790E39 /* StatusIcon.png in Resources */ = {isa = PBXBuildFile; fileRef = 7570B1741B85EFA100790E39 /* StatusIcon.png */; };
		7570B2131B85EFA100790E39 /* StatusIcon@2x.png in Resources */ = {isa = PBXBuildFile; fileRef = 7570B1751B85EFA100790E39 /* StatusIcon@2x.png */; };
		7570B2141B85EFA100790E39 /* UserImage.png in Resources */ = {isa = PBXBuildFile; fileRef = 7570B1761B85EFA100790E39 /* UserImage.png */; };
		7570B2151B85EFA100790E39 /* UserImage@2x.png in Resources */ = {isa = PBXBuildFile; fileRef = 7570B1771B85EFA100790E39 /* UserImage@2x.png */; };
		7570B2161B85EFA100790E39 /* VP_BG.png in Resources */ = {isa = PBXBuildFile; fileRef = 7570B1781B85EFA100790E39 /* VP_BG.png */; };
		7570B2171B85EFA100790E39 /* VP_BG@2x.png in Resources */ = {isa = PBXBuildFile; fileRef = 7570B1791B85EFA100790E39 /* VP_BG@2x.png */; };
		7570B2181B85EFA100790E39 /* back-icon.png in Resources */ = {isa = PBXBuildFile; fileRef = 7570B17B1B85EFA100790E39 /* back-icon.png */; };
		7570B2191B85EFA100790E39 /* back-icon@2x.png in Resources */ = {isa = PBXBuildFile; fileRef = 7570B17C1B85EFA100790E39 /* back-icon@2x.png */; };
		7570B21A1B85EFA100790E39 /* BG.png in Resources */ = {isa = PBXBuildFile; fileRef = 7570B17D1B85EFA100790E39 /* BG.png */; };
		7570B21B1B85EFA100790E39 /* BG@2x.png in Resources */ = {isa = PBXBuildFile; fileRef = 7570B17E1B85EFA100790E39 /* BG@2x.png */; };
		7570B21C1B85EFA100790E39 /* Chat_user.png in Resources */ = {isa = PBXBuildFile; fileRef = 7570B17F1B85EFA100790E39 /* Chat_user.png */; };
		7570B21D1B85EFA100790E39 /* Chat_user@2x.png in Resources */ = {isa = PBXBuildFile; fileRef = 7570B1801B85EFA100790E39 /* Chat_user@2x.png */; };
		7570B21E1B85EFA100790E39 /* menu-icon.png in Resources */ = {isa = PBXBuildFile; fileRef = 7570B1811B85EFA100790E39 /* menu-icon.png */; };
		7570B21F1B85EFA100790E39 /* menu-icon@2x.png in Resources */ = {isa = PBXBuildFile; fileRef = 7570B1821B85EFA100790E39 /* menu-icon@2x.png */; };
		7570B2201B85EFA100790E39 /* SettingIcon.png in Resources */ = {isa = PBXBuildFile; fileRef = 7570B1831B85EFA100790E39 /* SettingIcon.png */; };
		7570B2211B85EFA100790E39 /* SettingIcon@2x.png in Resources */ = {isa = PBXBuildFile; fileRef = 7570B1841B85EFA100790E39 /* SettingIcon@2x.png */; };
		7570B2221B85EFA100790E39 /* Top_NavBG.png in Resources */ = {isa = PBXBuildFile; fileRef = 7570B1851B85EFA100790E39 /* Top_NavBG.png */; };
		7570B2231B85EFA100790E39 /* Top_NavBG@2x.png in Resources */ = {isa = PBXBuildFile; fileRef = 7570B1861B85EFA100790E39 /* Top_NavBG@2x.png */; };
		7570B2241B85EFA100790E39 /* back-icon.png in Resources */ = {isa = PBXBuildFile; fileRef = 7570B1881B85EFA100790E39 /* back-icon.png */; };
		7570B2251B85EFA100790E39 /* back-icon@2x.png in Resources */ = {isa = PBXBuildFile; fileRef = 7570B1891B85EFA100790E39 /* back-icon@2x.png */; };
		7570B2261B85EFA100790E39 /* BG.png in Resources */ = {isa = PBXBuildFile; fileRef = 7570B18A1B85EFA100790E39 /* BG.png */; };
		7570B2271B85EFA100790E39 /* BG@2x.png in Resources */ = {isa = PBXBuildFile; fileRef = 7570B18B1B85EFA100790E39 /* BG@2x.png */; };
		7570B2281B85EFA100790E39 /* form.png in Resources */ = {isa = PBXBuildFile; fileRef = 7570B18C1B85EFA100790E39 /* form.png */; };
		7570B2291B85EFA100790E39 /* form@2x.png in Resources */ = {isa = PBXBuildFile; fileRef = 7570B18D1B85EFA100790E39 /* form@2x.png */; };
		7570B22A1B85EFA100790E39 /* menu-icon.png in Resources */ = {isa = PBXBuildFile; fileRef = 7570B18E1B85EFA100790E39 /* menu-icon.png */; };
		7570B22B1B85EFA100790E39 /* menu-icon@2x.png in Resources */ = {isa = PBXBuildFile; fileRef = 7570B18F1B85EFA100790E39 /* menu-icon@2x.png */; };
		7570B22C1B85EFA100790E39 /* Send_Bar_BG.png in Resources */ = {isa = PBXBuildFile; fileRef = 7570B1901B85EFA100790E39 /* Send_Bar_BG.png */; };
		7570B22D1B85EFA100790E39 /* Send_Bar_BG@2x.png in Resources */ = {isa = PBXBuildFile; fileRef = 7570B1911B85EFA100790E39 /* Send_Bar_BG@2x.png */; };
		7570B22E1B85EFA100790E39 /* SettingIcon.png in Resources */ = {isa = PBXBuildFile; fileRef = 7570B1921B85EFA100790E39 /* SettingIcon.png */; };
		7570B22F1B85EFA100790E39 /* SettingIcon@2x.png in Resources */ = {isa = PBXBuildFile; fileRef = 7570B1931B85EFA100790E39 /* SettingIcon@2x.png */; };
		7570B2301B85EFA100790E39 /* Top_NavBG.png in Resources */ = {isa = PBXBuildFile; fileRef = 7570B1941B85EFA100790E39 /* Top_NavBG.png */; };
		7570B2311B85EFA100790E39 /* Top_NavBG@2x.png in Resources */ = {isa = PBXBuildFile; fileRef = 7570B1951B85EFA100790E39 /* Top_NavBG@2x.png */; };
		7570B2321B85EFA100790E39 /* back-icon.png in Resources */ = {isa = PBXBuildFile; fileRef = 7570B1971B85EFA100790E39 /* back-icon.png */; };
		7570B2331B85EFA100790E39 /* back-icon@2x.png in Resources */ = {isa = PBXBuildFile; fileRef = 7570B1981B85EFA100790E39 /* back-icon@2x.png */; };
		7570B2341B85EFA100790E39 /* BG.png in Resources */ = {isa = PBXBuildFile; fileRef = 7570B1991B85EFA100790E39 /* BG.png */; };
		7570B2351B85EFA100790E39 /* BG@2x.png in Resources */ = {isa = PBXBuildFile; fileRef = 7570B19A1B85EFA100790E39 /* BG@2x.png */; };
		7570B2361B85EFA100790E39 /* EditProfile.png in Resources */ = {isa = PBXBuildFile; fileRef = 7570B19B1B85EFA100790E39 /* EditProfile.png */; };
		7570B2371B85EFA100790E39 /* EditProfile@2x.png in Resources */ = {isa = PBXBuildFile; fileRef = 7570B19C1B85EFA100790E39 /* EditProfile@2x.png */; };
		7570B2381B85EFA100790E39 /* Logout.png in Resources */ = {isa = PBXBuildFile; fileRef = 7570B19D1B85EFA100790E39 /* Logout.png */; };
		7570B2391B85EFA100790E39 /* Logout@2x.png in Resources */ = {isa = PBXBuildFile; fileRef = 7570B19E1B85EFA100790E39 /* Logout@2x.png */; };
		7570B23A1B85EFA100790E39 /* menu-icon.png in Resources */ = {isa = PBXBuildFile; fileRef = 7570B19F1B85EFA100790E39 /* menu-icon.png */; };
		7570B23B1B85EFA100790E39 /* menu-icon@2x.png in Resources */ = {isa = PBXBuildFile; fileRef = 7570B1A01B85EFA100790E39 /* menu-icon@2x.png */; };
		7570B23C1B85EFA100790E39 /* SettingIcon.png in Resources */ = {isa = PBXBuildFile; fileRef = 7570B1A11B85EFA100790E39 /* SettingIcon.png */; };
		7570B23D1B85EFA100790E39 /* SettingIcon@2x.png in Resources */ = {isa = PBXBuildFile; fileRef = 7570B1A21B85EFA100790E39 /* SettingIcon@2x.png */; };
		7570B23E1B85EFA100790E39 /* Top_NavBG.png in Resources */ = {isa = PBXBuildFile; fileRef = 7570B1A31B85EFA100790E39 /* Top_NavBG.png */; };
		7570B23F1B85EFA100790E39 /* Top_NavBG@2x.png in Resources */ = {isa = PBXBuildFile; fileRef = 7570B1A41B85EFA100790E39 /* Top_NavBG@2x.png */; };
		7570B2401B85EFA100790E39 /* About_BG.png in Resources */ = {isa = PBXBuildFile; fileRef = 7570B1A61B85EFA100790E39 /* About_BG.png */; };
		7570B2411B85EFA100790E39 /* About_BG@2x.png in Resources */ = {isa = PBXBuildFile; fileRef = 7570B1A71B85EFA100790E39 /* About_BG@2x.png */; };
		7570B2421B85EFA100790E39 /* back-icon.png in Resources */ = {isa = PBXBuildFile; fileRef = 7570B1A81B85EFA100790E39 /* back-icon.png */; };
		7570B2431B85EFA100790E39 /* back-icon@2x.png in Resources */ = {isa = PBXBuildFile; fileRef = 7570B1A91B85EFA100790E39 /* back-icon@2x.png */; };
		7570B2441B85EFA100790E39 /* BG.png in Resources */ = {isa = PBXBuildFile; fileRef = 7570B1AA1B85EFA100790E39 /* BG.png */; };
		7570B2451B85EFA100790E39 /* BG@2x.png in Resources */ = {isa = PBXBuildFile; fileRef = 7570B1AB1B85EFA100790E39 /* BG@2x.png */; };
		7570B2461B85EFA100790E39 /* menu-icon.png in Resources */ = {isa = PBXBuildFile; fileRef = 7570B1AC1B85EFA100790E39 /* menu-icon.png */; };
		7570B2471B85EFA100790E39 /* menu-icon@2x.png in Resources */ = {isa = PBXBuildFile; fileRef = 7570B1AD1B85EFA100790E39 /* menu-icon@2x.png */; };
		7570B2481B85EFA100790E39 /* SettingIcon.png in Resources */ = {isa = PBXBuildFile; fileRef = 7570B1AE1B85EFA100790E39 /* SettingIcon.png */; };
		7570B2491B85EFA100790E39 /* SettingIcon@2x.png in Resources */ = {isa = PBXBuildFile; fileRef = 7570B1AF1B85EFA100790E39 /* SettingIcon@2x.png */; };
		7570B24A1B85EFA100790E39 /* Top_NavBG.png in Resources */ = {isa = PBXBuildFile; fileRef = 7570B1B01B85EFA100790E39 /* Top_NavBG.png */; };
		7570B24B1B85EFA100790E39 /* Top_NavBG@2x.png in Resources */ = {isa = PBXBuildFile; fileRef = 7570B1B11B85EFA100790E39 /* Top_NavBG@2x.png */; };
		7570B24C1B85EFA100790E39 /* UserImage.png in Resources */ = {isa = PBXBuildFile; fileRef = 7570B1B21B85EFA100790E39 /* UserImage.png */; };
		7570B24D1B85EFA100790E39 /* UserImage@2x.png in Resources */ = {isa = PBXBuildFile; fileRef = 7570B1B31B85EFA100790E39 /* UserImage@2x.png */; };
		7570B24E1B85EFA100790E39 /* ChatNow_Icon.png in Resources */ = {isa = PBXBuildFile; fileRef = 7570B1B51B85EFA100790E39 /* ChatNow_Icon.png */; };
		7570B24F1B85EFA100790E39 /* ChatNow_Icon@2x.png in Resources */ = {isa = PBXBuildFile; fileRef = 7570B1B61B85EFA100790E39 /* ChatNow_Icon@2x.png */; };
		7570B2501B85EFA100790E39 /* Close-Button.png in Resources */ = {isa = PBXBuildFile; fileRef = 7570B1B71B85EFA100790E39 /* Close-Button.png */; };
		7570B2511B85EFA100790E39 /* Close-Button@2x.png in Resources */ = {isa = PBXBuildFile; fileRef = 7570B1B81B85EFA100790E39 /* Close-Button@2x.png */; };
		7570B2521B85EFA100790E39 /* back-icon.png in Resources */ = {isa = PBXBuildFile; fileRef = 7570B1BA1B85EFA100790E39 /* back-icon.png */; };
		7570B2531B85EFA100790E39 /* back-icon@2x.png in Resources */ = {isa = PBXBuildFile; fileRef = 7570B1BB1B85EFA100790E39 /* back-icon@2x.png */; };
		7570B2541B85EFA100790E39 /* ChatIcon.png in Resources */ = {isa = PBXBuildFile; fileRef = 7570B1BC1B85EFA100790E39 /* ChatIcon.png */; };
		7570B2551B85EFA100790E39 /* ChatIcon@2x.png in Resources */ = {isa = PBXBuildFile; fileRef = 7570B1BD1B85EFA100790E39 /* ChatIcon@2x.png */; };
		7570B2561B85EFA100790E39 /* SettingIcon.png in Resources */ = {isa = PBXBuildFile; fileRef = 7570B1BE1B85EFA100790E39 /* SettingIcon.png */; };
		7570B2571B85EFA100790E39 /* SettingIcon@2x.png in Resources */ = {isa = PBXBuildFile; fileRef = 7570B1BF1B85EFA100790E39 /* SettingIcon@2x.png */; };
		7570B2581B85EFA100790E39 /* 1024_icon-1-01.png in Resources */ = {isa = PBXBuildFile; fileRef = 7570B1C21B85EFA100790E39 /* 1024_icon-1-01.png */; };
		7570B2591B85EFA100790E39 /* Icon-72.png in Resources */ = {isa = PBXBuildFile; fileRef = 7570B1C41B85EFA100790E39 /* Icon-72.png */; };
		7570B25A1B85EFA100790E39 /* Icon-72@2x.png in Resources */ = {isa = PBXBuildFile; fileRef = 7570B1C51B85EFA100790E39 /* Icon-72@2x.png */; };
		7570B25B1B85EFA100790E39 /* Icon-Small-50.png in Resources */ = {isa = PBXBuildFile; fileRef = 7570B1C61B85EFA100790E39 /* Icon-Small-50.png */; };
		7570B25C1B85EFA100790E39 /* Icon-Small-50@2x.png in Resources */ = {isa = PBXBuildFile; fileRef = 7570B1C71B85EFA100790E39 /* Icon-Small-50@2x.png */; };
		7570B25D1B85EFA100790E39 /* Icon-Small.png in Resources */ = {isa = PBXBuildFile; fileRef = 7570B1C81B85EFA100790E39 /* Icon-Small.png */; };
		7570B25E1B85EFA100790E39 /* Icon-Small@2x.png in Resources */ = {isa = PBXBuildFile; fileRef = 7570B1C91B85EFA100790E39 /* Icon-Small@2x.png */; };
		7570B25F1B85EFA100790E39 /* Icon.png in Resources */ = {isa = PBXBuildFile; fileRef = 7570B1CA1B85EFA100790E39 /* Icon.png */; };
		7570B2601B85EFA100790E39 /* Icon@2x.png in Resources */ = {isa = PBXBuildFile; fileRef = 7570B1CB1B85EFA100790E39 /* Icon@2x.png */; };
		7570B2611B85EFA100790E39 /* iTunesArtwork.png in Resources */ = {isa = PBXBuildFile; fileRef = 7570B1CC1B85EFA100790E39 /* iTunesArtwork.png */; };
		7570B2621B85EFA100790E39 /* iTunesArtwork@2x.png in Resources */ = {isa = PBXBuildFile; fileRef = 7570B1CD1B85EFA100790E39 /* iTunesArtwork@2x.png */; };
		7570B2631B85EFA100790E39 /* Icon-40.png in Resources */ = {isa = PBXBuildFile; fileRef = 7570B1CF1B85EFA100790E39 /* Icon-40.png */; };
		7570B2641B85EFA100790E39 /* Icon-40@2x.png in Resources */ = {isa = PBXBuildFile; fileRef = 7570B1D01B85EFA100790E39 /* Icon-40@2x.png */; };
		7570B2651B85EFA100790E39 /* Icon-60.png in Resources */ = {isa = PBXBuildFile; fileRef = 7570B1D11B85EFA100790E39 /* Icon-60.png */; };
		7570B2661B85EFA100790E39 /* Icon-60@2x.png in Resources */ = {isa = PBXBuildFile; fileRef = 7570B1D21B85EFA100790E39 /* Icon-60@2x.png */; };
		7570B2671B85EFA100790E39 /* Icon-72.png in Resources */ = {isa = PBXBuildFile; fileRef = 7570B1D31B85EFA100790E39 /* Icon-72.png */; };
		7570B2681B85EFA100790E39 /* Icon-72@2x.png in Resources */ = {isa = PBXBuildFile; fileRef = 7570B1D41B85EFA100790E39 /* Icon-72@2x.png */; };
		7570B2691B85EFA100790E39 /* Icon-76.png in Resources */ = {isa = PBXBuildFile; fileRef = 7570B1D51B85EFA100790E39 /* Icon-76.png */; };
		7570B26A1B85EFA100790E39 /* Icon-76@2x.png in Resources */ = {isa = PBXBuildFile; fileRef = 7570B1D61B85EFA100790E39 /* Icon-76@2x.png */; };
		7570B26B1B85EFA100790E39 /* Icon-Small-50.png in Resources */ = {isa = PBXBuildFile; fileRef = 7570B1D71B85EFA100790E39 /* Icon-Small-50.png */; };
		7570B26C1B85EFA100790E39 /* Icon-Small-50@2x.png in Resources */ = {isa = PBXBuildFile; fileRef = 7570B1D81B85EFA100790E39 /* Icon-Small-50@2x.png */; };
		7570B26D1B85EFA100790E39 /* Icon-Small.png in Resources */ = {isa = PBXBuildFile; fileRef = 7570B1D91B85EFA100790E39 /* Icon-Small.png */; };
		7570B26E1B85EFA100790E39 /* Icon-Small@2x.png in Resources */ = {isa = PBXBuildFile; fileRef = 7570B1DA1B85EFA100790E39 /* Icon-Small@2x.png */; };
		7570B26F1B85EFA100790E39 /* Icon.png in Resources */ = {isa = PBXBuildFile; fileRef = 7570B1DB1B85EFA100790E39 /* Icon.png */; };
		7570B2701B85EFA100790E39 /* Icon@2x.png in Resources */ = {isa = PBXBuildFile; fileRef = 7570B1DC1B85EFA100790E39 /* Icon@2x.png */; };
		7570B2711B85EFA100790E39 /* iTunesArtwork.png in Resources */ = {isa = PBXBuildFile; fileRef = 7570B1DD1B85EFA100790E39 /* iTunesArtwork.png */; };
		7570B2721B85EFA100790E39 /* iTunesArtwork@2x.png in Resources */ = {isa = PBXBuildFile; fileRef = 7570B1DE1B85EFA100790E39 /* iTunesArtwork@2x.png */; };
		7570B2731B85EFA100790E39 /* Matched_Up_DesignV3_red.pdf in Resources */ = {isa = PBXBuildFile; fileRef = 7570B1DF1B85EFA100790E39 /* Matched_Up_DesignV3_red.pdf */; };
		759725FA1B7758BF00B6ACD6 /* Constants.m in Sources */ = {isa = PBXBuildFile; fileRef = 759725F91B7758BF00B6ACD6 /* Constants.m */; };
		759726001B7B496900B6ACD6 /* HomeViewController.m in Sources */ = {isa = PBXBuildFile; fileRef = 759725FF1B7B496900B6ACD6 /* HomeViewController.m */; };
		759726041B7B4CE700B6ACD6 /* SettingsViewController.m in Sources */ = {isa = PBXBuildFile; fileRef = 759726031B7B4CE700B6ACD6 /* SettingsViewController.m */; };
		759726081B7B5FF000B6ACD6 /* EditProfileViewController.m in Sources */ = {isa = PBXBuildFile; fileRef = 759726071B7B5FF000B6ACD6 /* EditProfileViewController.m */; };
		7597260C1B7B63A900B6ACD6 /* ProfileViewController.m in Sources */ = {isa = PBXBuildFile; fileRef = 7597260B1B7B63A900B6ACD6 /* ProfileViewController.m */; };
		759726101B7D7D4A00B6ACD6 /* TestUser.m in Sources */ = {isa = PBXBuildFile; fileRef = 7597260F1B7D7D4A00B6ACD6 /* TestUser.m */; };
		759726121B7DB3E200B6ACD6 /* ProfileImage1.jpeg in Resources */ = {isa = PBXBuildFile; fileRef = 759726111B7DB3E200B6ACD6 /* ProfileImage1.jpeg */; };
/* End PBXBuildFile section */

/* Begin PBXContainerItemProxy section */
		7502C00F1B760933007D18EF /* PBXContainerItemProxy */ = {
			isa = PBXContainerItemProxy;
			containerPortal = 7502BFEA1B760933007D18EF /* Project object */;
			proxyType = 1;
			remoteGlobalIDString = 7502BFF11B760933007D18EF;
			remoteInfo = MatchUp;
		};
/* End PBXContainerItemProxy section */

/* Begin PBXFileReference section */
		3B8E0BACE0CCE57ED328558B /* Pods.release.xcconfig */ = {isa = PBXFileReference; includeInIndex = 1; lastKnownFileType = text.xcconfig; name = Pods.release.xcconfig; path = "Pods/Target Support Files/Pods/Pods.release.xcconfig"; sourceTree = "<group>"; };
		4BC8AFA8E1FF9C664554D39D /* libPods.a */ = {isa = PBXFileReference; explicitFileType = archive.ar; includeInIndex = 0; path = libPods.a; sourceTree = BUILT_PRODUCTS_DIR; };
		7502BFF21B760933007D18EF /* MatchUp.app */ = {isa = PBXFileReference; explicitFileType = wrapper.application; includeInIndex = 0; path = MatchUp.app; sourceTree = BUILT_PRODUCTS_DIR; };
		7502BFF61B760933007D18EF /* Info.plist */ = {isa = PBXFileReference; lastKnownFileType = text.plist.xml; path = Info.plist; sourceTree = "<group>"; };
		7502BFF71B760933007D18EF /* main.m */ = {isa = PBXFileReference; lastKnownFileType = sourcecode.c.objc; path = main.m; sourceTree = "<group>"; };
		7502BFF91B760933007D18EF /* AppDelegate.h */ = {isa = PBXFileReference; lastKnownFileType = sourcecode.c.h; path = AppDelegate.h; sourceTree = "<group>"; };
		7502BFFA1B760933007D18EF /* AppDelegate.m */ = {isa = PBXFileReference; lastKnownFileType = sourcecode.c.objc; path = AppDelegate.m; sourceTree = "<group>"; };
		7502C0031B760933007D18EF /* Base */ = {isa = PBXFileReference; lastKnownFileType = file.storyboard; name = Base; path = Base.lproj/Main.storyboard; sourceTree = "<group>"; };
		7502C0051B760933007D18EF /* Images.xcassets */ = {isa = PBXFileReference; lastKnownFileType = folder.assetcatalog; path = Images.xcassets; sourceTree = "<group>"; };
		7502C0081B760933007D18EF /* Base */ = {isa = PBXFileReference; lastKnownFileType = file.xib; name = Base; path = Base.lproj/LaunchScreen.xib; sourceTree = "<group>"; };
		7502C00E1B760933007D18EF /* MatchUpTests.xctest */ = {isa = PBXFileReference; explicitFileType = wrapper.cfbundle; includeInIndex = 0; path = MatchUpTests.xctest; sourceTree = BUILT_PRODUCTS_DIR; };
		7502C0131B760933007D18EF /* Info.plist */ = {isa = PBXFileReference; lastKnownFileType = text.plist.xml; path = Info.plist; sourceTree = "<group>"; };
		7502C0141B760933007D18EF /* MatchUpTests.m */ = {isa = PBXFileReference; lastKnownFileType = sourcecode.c.objc; path = MatchUpTests.m; sourceTree = "<group>"; };
		7502C01E1B7609B4007D18EF /* LoginViewController.h */ = {isa = PBXFileReference; fileEncoding = 4; lastKnownFileType = sourcecode.c.h; path = LoginViewController.h; sourceTree = "<group>"; };
		7502C01F1B7609B4007D18EF /* LoginViewController.m */ = {isa = PBXFileReference; fileEncoding = 4; lastKnownFileType = sourcecode.c.objc; path = LoginViewController.m; sourceTree = "<group>"; };
		7570B12F1B80172100790E39 /* MatchViewController.h */ = {isa = PBXFileReference; fileEncoding = 4; lastKnownFileType = sourcecode.c.h; path = MatchViewController.h; sourceTree = "<group>"; };
		7570B1301B80172100790E39 /* MatchViewController.m */ = {isa = PBXFileReference; fileEncoding = 4; lastKnownFileType = sourcecode.c.objc; path = MatchViewController.m; sourceTree = "<group>"; };
		7570B1331B80468F00790E39 /* MatchesViewController.h */ = {isa = PBXFileReference; fileEncoding = 4; lastKnownFileType = sourcecode.c.h; path = MatchesViewController.h; sourceTree = "<group>"; };
		7570B1341B80468F00790E39 /* MatchesViewController.m */ = {isa = PBXFileReference; fileEncoding = 4; lastKnownFileType = sourcecode.c.objc; path = MatchesViewController.m; sourceTree = "<group>"; };
		7570B1371B80533300790E39 /* ChatViewController.h */ = {isa = PBXFileReference; fileEncoding = 4; lastKnownFileType = sourcecode.c.h; path = ChatViewController.h; sourceTree = "<group>"; };
		7570B1381B80533300790E39 /* ChatViewController.m */ = {isa = PBXFileReference; fileEncoding = 4; lastKnownFileType = sourcecode.c.objc; path = ChatViewController.m; sourceTree = "<group>"; };
		7570B13A1B84438400790E39 /* defaultPrefsFile.plist */ = {isa = PBXFileReference; fileEncoding = 4; lastKnownFileType = text.plist.xml; path = defaultPrefsFile.plist; sourceTree = "<group>"; };
		7570B13F1B85EFA100790E39 /* BG.png */ = {isa = PBXFileReference; lastKnownFileType = image.png; path = BG.png; sourceTree = "<group>"; };
		7570B1401B85EFA100790E39 /* BG@2x.png */ = {isa = PBXFileReference; lastKnownFileType = image.png; path = "BG@2x.png"; sourceTree = "<group>"; };
		7570B1411B85EFA100790E39 /* BG.png */ = {isa = PBXFileReference; lastKnownFileType = image.png; path = BG.png; sourceTree = "<group>"; };
		7570B1421B85EFA100790E39 /* BG@2x.png */ = {isa = PBXFileReference; lastKnownFileType = image.png; path = "BG@2x.png"; sourceTree = "<group>"; };
		7570B1441B85EFA100790E39 /* Facebook.png */ = {isa = PBXFileReference; lastKnownFileType = image.png; path = Facebook.png; sourceTree = "<group>"; };
		7570B1451B85EFA100790E39 /* Facebook@2x.png */ = {isa = PBXFileReference; lastKnownFileType = image.png; path = "Facebook@2x.png"; sourceTree = "<group>"; };
		7570B1461B85EFA100790E39 /* Logo.png */ = {isa = PBXFileReference; lastKnownFileType = image.png; path = Logo.png; sourceTree = "<group>"; };
		7570B1471B85EFA100790E39 /* Logo@2x.png */ = {isa = PBXFileReference; lastKnownFileType = image.png; path = "Logo@2x.png"; sourceTree = "<group>"; };
		7570B1491B85EFA100790E39 /* BG.png */ = {isa = PBXFileReference; lastKnownFileType = image.png; path = BG.png; sourceTree = "<group>"; };
		7570B14A1B85EFA100790E39 /* BG@2x.png */ = {isa = PBXFileReference; lastKnownFileType = image.png; path = "BG@2x.png"; sourceTree = "<group>"; };
		7570B14B1B85EFA100790E39 /* ChatIcon.png */ = {isa = PBXFileReference; lastKnownFileType = image.png; path = ChatIcon.png; sourceTree = "<group>"; };
		7570B14C1B85EFA100790E39 /* ChatIcon@2x.png */ = {isa = PBXFileReference; lastKnownFileType = image.png; path = "ChatIcon@2x.png"; sourceTree = "<group>"; };
		7570B14D1B85EFA100790E39 /* DislikeIcon.png */ = {isa = PBXFileReference; lastKnownFileType = image.png; path = DislikeIcon.png; sourceTree = "<group>"; };
		7570B14E1B85EFA100790E39 /* DislikeIcon@2x.png */ = {isa = PBXFileReference; lastKnownFileType = image.png; path = "DislikeIcon@2x.png"; sourceTree = "<group>"; };
		7570B14F1B85EFA100790E39 /* InfoIcon.png */ = {isa = PBXFileReference; lastKnownFileType = image.png; path = InfoIcon.png; sourceTree = "<group>"; };
		7570B1501B85EFA100790E39 /* InfoIcon@2x.png */ = {isa = PBXFileReference; lastKnownFileType = image.png; path = "InfoIcon@2x.png"; sourceTree = "<group>"; };
		7570B1511B85EFA100790E39 /* LikeIcon.png */ = {isa = PBXFileReference; lastKnownFileType = image.png; path = LikeIcon.png; sourceTree = "<group>"; };
		7570B1521B85EFA100790E39 /* LikeIcon@2x.png */ = {isa = PBXFileReference; lastKnownFileType = image.png; path = "LikeIcon@2x.png"; sourceTree = "<group>"; };
		7570B1531B85EFA100790E39 /* Matched-Up.png */ = {isa = PBXFileReference; lastKnownFileType = image.png; path = "Matched-Up.png"; sourceTree = "<group>"; };
		7570B1541B85EFA100790E39 /* Matched-Up@2x.png */ = {isa = PBXFileReference; lastKnownFileType = image.png; path = "Matched-Up@2x.png"; sourceTree = "<group>"; };
		7570B1551B85EFA100790E39 /* SettingIcon.png */ = {isa = PBXFileReference; lastKnownFileType = image.png; path = SettingIcon.png; sourceTree = "<group>"; };
		7570B1561B85EFA100790E39 /* SettingIcon@2x.png */ = {isa = PBXFileReference; lastKnownFileType = image.png; path = "SettingIcon@2x.png"; sourceTree = "<group>"; };
		7570B1571B85EFA100790E39 /* Top_NavBG.png */ = {isa = PBXFileReference; lastKnownFileType = image.png; path = Top_NavBG.png; sourceTree = "<group>"; };
		7570B1581B85EFA100790E39 /* Top_NavBG@2x.png */ = {isa = PBXFileReference; lastKnownFileType = image.png; path = "Top_NavBG@2x.png"; sourceTree = "<group>"; };
		7570B1591B85EFA100790E39 /* User_Image.png */ = {isa = PBXFileReference; lastKnownFileType = image.png; path = User_Image.png; sourceTree = "<group>"; };
		7570B15A1B85EFA100790E39 /* User_Image@2x.png */ = {isa = PBXFileReference; lastKnownFileType = image.png; path = "User_Image@2x.png"; sourceTree = "<group>"; };
		7570B15B1B85EFA100790E39 /* VP_BG.png */ = {isa = PBXFileReference; lastKnownFileType = image.png; path = VP_BG.png; sourceTree = "<group>"; };
		7570B15C1B85EFA100790E39 /* VP_BG@2x.png */ = {isa = PBXFileReference; lastKnownFileType = image.png; path = "VP_BG@2x.png"; sourceTree = "<group>"; };
		7570B15E1B85EFA100790E39 /* About_BG.png */ = {isa = PBXFileReference; lastKnownFileType = image.png; path = About_BG.png; sourceTree = "<group>"; };
		7570B15F1B85EFA100790E39 /* About_BG@2x.png */ = {isa = PBXFileReference; lastKnownFileType = image.png; path = "About_BG@2x.png"; sourceTree = "<group>"; };
		7570B1601B85EFA100790E39 /* AgeIcon.png */ = {isa = PBXFileReference; lastKnownFileType = image.png; path = AgeIcon.png; sourceTree = "<group>"; };
		7570B1611B85EFA100790E39 /* AgeIcon@2x.png */ = {isa = PBXFileReference; lastKnownFileType = image.png; path = "AgeIcon@2x.png"; sourceTree = "<group>"; };
		7570B1621B85EFA100790E39 /* BG.png */ = {isa = PBXFileReference; lastKnownFileType = image.png; path = BG.png; sourceTree = "<group>"; };
		7570B1631B85EFA100790E39 /* BG@2x.png */ = {isa = PBXFileReference; lastKnownFileType = image.png; path = "BG@2x.png"; sourceTree = "<group>"; };
		7570B1641B85EFA100790E39 /* ChatIcon.png */ = {isa = PBXFileReference; lastKnownFileType = image.png; path = ChatIcon.png; sourceTree = "<group>"; };
		7570B1651B85EFA100790E39 /* ChatIcon@2x.png */ = {isa = PBXFileReference; lastKnownFileType = image.png; path = "ChatIcon@2x.png"; sourceTree = "<group>"; };
		7570B1661B85EFA100790E39 /* DislikeIcon.png */ = {isa = PBXFileReference; lastKnownFileType = image.png; path = DislikeIcon.png; sourceTree = "<group>"; };
		7570B1671B85EFA100790E39 /* DislikeIcon@2x.png */ = {isa = PBXFileReference; lastKnownFileType = image.png; path = "DislikeIcon@2x.png"; sourceTree = "<group>"; };
		7570B1681B85EFA100790E39 /* InfoIcon.png */ = {isa = PBXFileReference; lastKnownFileType = image.png; path = InfoIcon.png; sourceTree = "<group>"; };
		7570B1691B85EFA100790E39 /* InfoIcon@2x.png */ = {isa = PBXFileReference; lastKnownFileType = image.png; path = "InfoIcon@2x.png"; sourceTree = "<group>"; };
		7570B16A1B85EFA100790E39 /* LikeIcon.png */ = {isa = PBXFileReference; lastKnownFileType = image.png; path = LikeIcon.png; sourceTree = "<group>"; };
		7570B16B1B85EFA100790E39 /* LikeIcon@2x.png */ = {isa = PBXFileReference; lastKnownFileType = image.png; path = "LikeIcon@2x.png"; sourceTree = "<group>"; };
		7570B16C1B85EFA100790E39 /* location.png */ = {isa = PBXFileReference; lastKnownFileType = image.png; path = location.png; sourceTree = "<group>"; };
		7570B16D1B85EFA100790E39 /* location@2x.png */ = {isa = PBXFileReference; lastKnownFileType = image.png; path = "location@2x.png"; sourceTree = "<group>"; };
		7570B16E1B85EFA100790E39 /* NameAgeStatusBar.png */ = {isa = PBXFileReference; lastKnownFileType = image.png; path = NameAgeStatusBar.png; sourceTree = "<group>"; };
		7570B16F1B85EFA100790E39 /* NameAgeStatusBar@2x.png */ = {isa = PBXFileReference; lastKnownFileType = image.png; path = "NameAgeStatusBar@2x.png"; sourceTree = "<group>"; };
		7570B1701B85EFA100790E39 /* SettingIcon.png */ = {isa = PBXFileReference; lastKnownFileType = image.png; path = SettingIcon.png; sourceTree = "<group>"; };
		7570B1711B85EFA100790E39 /* SettingIcon@2x.png */ = {isa = PBXFileReference; lastKnownFileType = image.png; path = "SettingIcon@2x.png"; sourceTree = "<group>"; };
		7570B1721B85EFA100790E39 /* Single.png */ = {isa = PBXFileReference; lastKnownFileType = image.png; path = Single.png; sourceTree = "<group>"; };
		7570B1731B85EFA100790E39 /* Single@2x.png */ = {isa = PBXFileReference; lastKnownFileType = image.png; path = "Single@2x.png"; sourceTree = "<group>"; };
		7570B1741B85EFA100790E39 /* StatusIcon.png */ = {isa = PBXFileReference; lastKnownFileType = image.png; path = StatusIcon.png; sourceTree = "<group>"; };
		7570B1751B85EFA100790E39 /* StatusIcon@2x.png */ = {isa = PBXFileReference; lastKnownFileType = image.png; path = "StatusIcon@2x.png"; sourceTree = "<group>"; };
		7570B1761B85EFA100790E39 /* UserImage.png */ = {isa = PBXFileReference; lastKnownFileType = image.png; path = UserImage.png; sourceTree = "<group>"; };
		7570B1771B85EFA100790E39 /* UserImage@2x.png */ = {isa = PBXFileReference; lastKnownFileType = image.png; path = "UserImage@2x.png"; sourceTree = "<group>"; };
		7570B1781B85EFA100790E39 /* VP_BG.png */ = {isa = PBXFileReference; lastKnownFileType = image.png; path = VP_BG.png; sourceTree = "<group>"; };
		7570B1791B85EFA100790E39 /* VP_BG@2x.png */ = {isa = PBXFileReference; lastKnownFileType = image.png; path = "VP_BG@2x.png"; sourceTree = "<group>"; };
		7570B17B1B85EFA100790E39 /* back-icon.png */ = {isa = PBXFileReference; lastKnownFileType = image.png; path = "back-icon.png"; sourceTree = "<group>"; };
		7570B17C1B85EFA100790E39 /* back-icon@2x.png */ = {isa = PBXFileReference; lastKnownFileType = image.png; path = "back-icon@2x.png"; sourceTree = "<group>"; };
		7570B17D1B85EFA100790E39 /* BG.png */ = {isa = PBXFileReference; lastKnownFileType = image.png; path = BG.png; sourceTree = "<group>"; };
		7570B17E1B85EFA100790E39 /* BG@2x.png */ = {isa = PBXFileReference; lastKnownFileType = image.png; path = "BG@2x.png"; sourceTree = "<group>"; };
		7570B17F1B85EFA100790E39 /* Chat_user.png */ = {isa = PBXFileReference; lastKnownFileType = image.png; path = Chat_user.png; sourceTree = "<group>"; };
		7570B1801B85EFA100790E39 /* Chat_user@2x.png */ = {isa = PBXFileReference; lastKnownFileType = image.png; path = "Chat_user@2x.png"; sourceTree = "<group>"; };
		7570B1811B85EFA100790E39 /* menu-icon.png */ = {isa = PBXFileReference; lastKnownFileType = image.png; path = "menu-icon.png"; sourceTree = "<group>"; };
		7570B1821B85EFA100790E39 /* menu-icon@2x.png */ = {isa = PBXFileReference; lastKnownFileType = image.png; path = "menu-icon@2x.png"; sourceTree = "<group>"; };
		7570B1831B85EFA100790E39 /* SettingIcon.png */ = {isa = PBXFileReference; lastKnownFileType = image.png; path = SettingIcon.png; sourceTree = "<group>"; };
		7570B1841B85EFA100790E39 /* SettingIcon@2x.png */ = {isa = PBXFileReference; lastKnownFileType = image.png; path = "SettingIcon@2x.png"; sourceTree = "<group>"; };
		7570B1851B85EFA100790E39 /* Top_NavBG.png */ = {isa = PBXFileReference; lastKnownFileType = image.png; path = Top_NavBG.png; sourceTree = "<group>"; };
		7570B1861B85EFA100790E39 /* Top_NavBG@2x.png */ = {isa = PBXFileReference; lastKnownFileType = image.png; path = "Top_NavBG@2x.png"; sourceTree = "<group>"; };
		7570B1881B85EFA100790E39 /* back-icon.png */ = {isa = PBXFileReference; lastKnownFileType = image.png; path = "back-icon.png"; sourceTree = "<group>"; };
		7570B1891B85EFA100790E39 /* back-icon@2x.png */ = {isa = PBXFileReference; lastKnownFileType = image.png; path = "back-icon@2x.png"; sourceTree = "<group>"; };
		7570B18A1B85EFA100790E39 /* BG.png */ = {isa = PBXFileReference; lastKnownFileType = image.png; path = BG.png; sourceTree = "<group>"; };
		7570B18B1B85EFA100790E39 /* BG@2x.png */ = {isa = PBXFileReference; lastKnownFileType = image.png; path = "BG@2x.png"; sourceTree = "<group>"; };
		7570B18C1B85EFA100790E39 /* form.png */ = {isa = PBXFileReference; lastKnownFileType = image.png; path = form.png; sourceTree = "<group>"; };
		7570B18D1B85EFA100790E39 /* form@2x.png */ = {isa = PBXFileReference; lastKnownFileType = image.png; path = "form@2x.png"; sourceTree = "<group>"; };
		7570B18E1B85EFA100790E39 /* menu-icon.png */ = {isa = PBXFileReference; lastKnownFileType = image.png; path = "menu-icon.png"; sourceTree = "<group>"; };
		7570B18F1B85EFA100790E39 /* menu-icon@2x.png */ = {isa = PBXFileReference; lastKnownFileType = image.png; path = "menu-icon@2x.png"; sourceTree = "<group>"; };
		7570B1901B85EFA100790E39 /* Send_Bar_BG.png */ = {isa = PBXFileReference; lastKnownFileType = image.png; path = Send_Bar_BG.png; sourceTree = "<group>"; };
		7570B1911B85EFA100790E39 /* Send_Bar_BG@2x.png */ = {isa = PBXFileReference; lastKnownFileType = image.png; path = "Send_Bar_BG@2x.png"; sourceTree = "<group>"; };
		7570B1921B85EFA100790E39 /* SettingIcon.png */ = {isa = PBXFileReference; lastKnownFileType = image.png; path = SettingIcon.png; sourceTree = "<group>"; };
		7570B1931B85EFA100790E39 /* SettingIcon@2x.png */ = {isa = PBXFileReference; lastKnownFileType = image.png; path = "SettingIcon@2x.png"; sourceTree = "<group>"; };
		7570B1941B85EFA100790E39 /* Top_NavBG.png */ = {isa = PBXFileReference; lastKnownFileType = image.png; path = Top_NavBG.png; sourceTree = "<group>"; };
		7570B1951B85EFA100790E39 /* Top_NavBG@2x.png */ = {isa = PBXFileReference; lastKnownFileType = image.png; path = "Top_NavBG@2x.png"; sourceTree = "<group>"; };
		7570B1971B85EFA100790E39 /* back-icon.png */ = {isa = PBXFileReference; lastKnownFileType = image.png; path = "back-icon.png"; sourceTree = "<group>"; };
		7570B1981B85EFA100790E39 /* back-icon@2x.png */ = {isa = PBXFileReference; lastKnownFileType = image.png; path = "back-icon@2x.png"; sourceTree = "<group>"; };
		7570B1991B85EFA100790E39 /* BG.png */ = {isa = PBXFileReference; lastKnownFileType = image.png; path = BG.png; sourceTree = "<group>"; };
		7570B19A1B85EFA100790E39 /* BG@2x.png */ = {isa = PBXFileReference; lastKnownFileType = image.png; path = "BG@2x.png"; sourceTree = "<group>"; };
		7570B19B1B85EFA100790E39 /* EditProfile.png */ = {isa = PBXFileReference; lastKnownFileType = image.png; path = EditProfile.png; sourceTree = "<group>"; };
		7570B19C1B85EFA100790E39 /* EditProfile@2x.png */ = {isa = PBXFileReference; lastKnownFileType = image.png; path = "EditProfile@2x.png"; sourceTree = "<group>"; };
		7570B19D1B85EFA100790E39 /* Logout.png */ = {isa = PBXFileReference; lastKnownFileType = image.png; path = Logout.png; sourceTree = "<group>"; };
		7570B19E1B85EFA100790E39 /* Logout@2x.png */ = {isa = PBXFileReference; lastKnownFileType = image.png; path = "Logout@2x.png"; sourceTree = "<group>"; };
		7570B19F1B85EFA100790E39 /* menu-icon.png */ = {isa = PBXFileReference; lastKnownFileType = image.png; path = "menu-icon.png"; sourceTree = "<group>"; };
		7570B1A01B85EFA100790E39 /* menu-icon@2x.png */ = {isa = PBXFileReference; lastKnownFileType = image.png; path = "menu-icon@2x.png"; sourceTree = "<group>"; };
		7570B1A11B85EFA100790E39 /* SettingIcon.png */ = {isa = PBXFileReference; lastKnownFileType = image.png; path = SettingIcon.png; sourceTree = "<group>"; };
		7570B1A21B85EFA100790E39 /* SettingIcon@2x.png */ = {isa = PBXFileReference; lastKnownFileType = image.png; path = "SettingIcon@2x.png"; sourceTree = "<group>"; };
		7570B1A31B85EFA100790E39 /* Top_NavBG.png */ = {isa = PBXFileReference; lastKnownFileType = image.png; path = Top_NavBG.png; sourceTree = "<group>"; };
		7570B1A41B85EFA100790E39 /* Top_NavBG@2x.png */ = {isa = PBXFileReference; lastKnownFileType = image.png; path = "Top_NavBG@2x.png"; sourceTree = "<group>"; };
		7570B1A61B85EFA100790E39 /* About_BG.png */ = {isa = PBXFileReference; lastKnownFileType = image.png; path = About_BG.png; sourceTree = "<group>"; };
		7570B1A71B85EFA100790E39 /* About_BG@2x.png */ = {isa = PBXFileReference; lastKnownFileType = image.png; path = "About_BG@2x.png"; sourceTree = "<group>"; };
		7570B1A81B85EFA100790E39 /* back-icon.png */ = {isa = PBXFileReference; lastKnownFileType = image.png; path = "back-icon.png"; sourceTree = "<group>"; };
		7570B1A91B85EFA100790E39 /* back-icon@2x.png */ = {isa = PBXFileReference; lastKnownFileType = image.png; path = "back-icon@2x.png"; sourceTree = "<group>"; };
		7570B1AA1B85EFA100790E39 /* BG.png */ = {isa = PBXFileReference; lastKnownFileType = image.png; path = BG.png; sourceTree = "<group>"; };
		7570B1AB1B85EFA100790E39 /* BG@2x.png */ = {isa = PBXFileReference; lastKnownFileType = image.png; path = "BG@2x.png"; sourceTree = "<group>"; };
		7570B1AC1B85EFA100790E39 /* menu-icon.png */ = {isa = PBXFileReference; lastKnownFileType = image.png; path = "menu-icon.png"; sourceTree = "<group>"; };
		7570B1AD1B85EFA100790E39 /* menu-icon@2x.png */ = {isa = PBXFileReference; lastKnownFileType = image.png; path = "menu-icon@2x.png"; sourceTree = "<group>"; };
		7570B1AE1B85EFA100790E39 /* SettingIcon.png */ = {isa = PBXFileReference; lastKnownFileType = image.png; path = SettingIcon.png; sourceTree = "<group>"; };
		7570B1AF1B85EFA100790E39 /* SettingIcon@2x.png */ = {isa = PBXFileReference; lastKnownFileType = image.png; path = "SettingIcon@2x.png"; sourceTree = "<group>"; };
		7570B1B01B85EFA100790E39 /* Top_NavBG.png */ = {isa = PBXFileReference; lastKnownFileType = image.png; path = Top_NavBG.png; sourceTree = "<group>"; };
		7570B1B11B85EFA100790E39 /* Top_NavBG@2x.png */ = {isa = PBXFileReference; lastKnownFileType = image.png; path = "Top_NavBG@2x.png"; sourceTree = "<group>"; };
		7570B1B21B85EFA100790E39 /* UserImage.png */ = {isa = PBXFileReference; lastKnownFileType = image.png; path = UserImage.png; sourceTree = "<group>"; };
		7570B1B31B85EFA100790E39 /* UserImage@2x.png */ = {isa = PBXFileReference; lastKnownFileType = image.png; path = "UserImage@2x.png"; sourceTree = "<group>"; };
		7570B1B51B85EFA100790E39 /* ChatNow_Icon.png */ = {isa = PBXFileReference; lastKnownFileType = image.png; path = ChatNow_Icon.png; sourceTree = "<group>"; };
		7570B1B61B85EFA100790E39 /* ChatNow_Icon@2x.png */ = {isa = PBXFileReference; lastKnownFileType = image.png; path = "ChatNow_Icon@2x.png"; sourceTree = "<group>"; };
		7570B1B71B85EFA100790E39 /* Close-Button.png */ = {isa = PBXFileReference; lastKnownFileType = image.png; path = "Close-Button.png"; sourceTree = "<group>"; };
		7570B1B81B85EFA100790E39 /* Close-Button@2x.png */ = {isa = PBXFileReference; lastKnownFileType = image.png; path = "Close-Button@2x.png"; sourceTree = "<group>"; };
		7570B1BA1B85EFA100790E39 /* back-icon.png */ = {isa = PBXFileReference; lastKnownFileType = image.png; path = "back-icon.png"; sourceTree = "<group>"; };
		7570B1BB1B85EFA100790E39 /* back-icon@2x.png */ = {isa = PBXFileReference; lastKnownFileType = image.png; path = "back-icon@2x.png"; sourceTree = "<group>"; };
		7570B1BC1B85EFA100790E39 /* ChatIcon.png */ = {isa = PBXFileReference; lastKnownFileType = image.png; path = ChatIcon.png; sourceTree = "<group>"; };
		7570B1BD1B85EFA100790E39 /* ChatIcon@2x.png */ = {isa = PBXFileReference; lastKnownFileType = image.png; path = "ChatIcon@2x.png"; sourceTree = "<group>"; };
		7570B1BE1B85EFA100790E39 /* SettingIcon.png */ = {isa = PBXFileReference; lastKnownFileType = image.png; path = SettingIcon.png; sourceTree = "<group>"; };
		7570B1BF1B85EFA100790E39 /* SettingIcon@2x.png */ = {isa = PBXFileReference; lastKnownFileType = image.png; path = "SettingIcon@2x.png"; sourceTree = "<group>"; };
		7570B1C21B85EFA100790E39 /* 1024_icon-1-01.png */ = {isa = PBXFileReference; lastKnownFileType = image.png; path = "1024_icon-1-01.png"; sourceTree = "<group>"; };
		7570B1C41B85EFA100790E39 /* Icon-72.png */ = {isa = PBXFileReference; lastKnownFileType = image.png; path = "Icon-72.png"; sourceTree = "<group>"; };
		7570B1C51B85EFA100790E39 /* Icon-72@2x.png */ = {isa = PBXFileReference; lastKnownFileType = image.png; path = "Icon-72@2x.png"; sourceTree = "<group>"; };
		7570B1C61B85EFA100790E39 /* Icon-Small-50.png */ = {isa = PBXFileReference; lastKnownFileType = image.png; path = "Icon-Small-50.png"; sourceTree = "<group>"; };
		7570B1C71B85EFA100790E39 /* Icon-Small-50@2x.png */ = {isa = PBXFileReference; lastKnownFileType = image.png; path = "Icon-Small-50@2x.png"; sourceTree = "<group>"; };
		7570B1C81B85EFA100790E39 /* Icon-Small.png */ = {isa = PBXFileReference; lastKnownFileType = image.png; path = "Icon-Small.png"; sourceTree = "<group>"; };
		7570B1C91B85EFA100790E39 /* Icon-Small@2x.png */ = {isa = PBXFileReference; lastKnownFileType = image.png; path = "Icon-Small@2x.png"; sourceTree = "<group>"; };
		7570B1CA1B85EFA100790E39 /* Icon.png */ = {isa = PBXFileReference; lastKnownFileType = image.png; path = Icon.png; sourceTree = "<group>"; };
		7570B1CB1B85EFA100790E39 /* Icon@2x.png */ = {isa = PBXFileReference; lastKnownFileType = image.png; path = "Icon@2x.png"; sourceTree = "<group>"; };
		7570B1CC1B85EFA100790E39 /* iTunesArtwork.png */ = {isa = PBXFileReference; lastKnownFileType = image.png; path = iTunesArtwork.png; sourceTree = "<group>"; };
		7570B1CD1B85EFA100790E39 /* iTunesArtwork@2x.png */ = {isa = PBXFileReference; lastKnownFileType = image.png; path = "iTunesArtwork@2x.png"; sourceTree = "<group>"; };
		7570B1CF1B85EFA100790E39 /* Icon-40.png */ = {isa = PBXFileReference; lastKnownFileType = image.png; path = "Icon-40.png"; sourceTree = "<group>"; };
		7570B1D01B85EFA100790E39 /* Icon-40@2x.png */ = {isa = PBXFileReference; lastKnownFileType = image.png; path = "Icon-40@2x.png"; sourceTree = "<group>"; };
		7570B1D11B85EFA100790E39 /* Icon-60.png */ = {isa = PBXFileReference; lastKnownFileType = image.png; path = "Icon-60.png"; sourceTree = "<group>"; };
		7570B1D21B85EFA100790E39 /* Icon-60@2x.png */ = {isa = PBXFileReference; lastKnownFileType = image.png; path = "Icon-60@2x.png"; sourceTree = "<group>"; };
		7570B1D31B85EFA100790E39 /* Icon-72.png */ = {isa = PBXFileReference; lastKnownFileType = image.png; path = "Icon-72.png"; sourceTree = "<group>"; };
		7570B1D41B85EFA100790E39 /* Icon-72@2x.png */ = {isa = PBXFileReference; lastKnownFileType = image.png; path = "Icon-72@2x.png"; sourceTree = "<group>"; };
		7570B1D51B85EFA100790E39 /* Icon-76.png */ = {isa = PBXFileReference; lastKnownFileType = image.png; path = "Icon-76.png"; sourceTree = "<group>"; };
		7570B1D61B85EFA100790E39 /* Icon-76@2x.png */ = {isa = PBXFileReference; lastKnownFileType = image.png; path = "Icon-76@2x.png"; sourceTree = "<group>"; };
		7570B1D71B85EFA100790E39 /* Icon-Small-50.png */ = {isa = PBXFileReference; lastKnownFileType = image.png; path = "Icon-Small-50.png"; sourceTree = "<group>"; };
		7570B1D81B85EFA100790E39 /* Icon-Small-50@2x.png */ = {isa = PBXFileReference; lastKnownFileType = image.png; path = "Icon-Small-50@2x.png"; sourceTree = "<group>"; };
		7570B1D91B85EFA100790E39 /* Icon-Small.png */ = {isa = PBXFileReference; lastKnownFileType = image.png; path = "Icon-Small.png"; sourceTree = "<group>"; };
		7570B1DA1B85EFA100790E39 /* Icon-Small@2x.png */ = {isa = PBXFileReference; lastKnownFileType = image.png; path = "Icon-Small@2x.png"; sourceTree = "<group>"; };
		7570B1DB1B85EFA100790E39 /* Icon.png */ = {isa = PBXFileReference; lastKnownFileType = image.png; path = Icon.png; sourceTree = "<group>"; };
		7570B1DC1B85EFA100790E39 /* Icon@2x.png */ = {isa = PBXFileReference; lastKnownFileType = image.png; path = "Icon@2x.png"; sourceTree = "<group>"; };
		7570B1DD1B85EFA100790E39 /* iTunesArtwork.png */ = {isa = PBXFileReference; lastKnownFileType = image.png; path = iTunesArtwork.png; sourceTree = "<group>"; };
		7570B1DE1B85EFA100790E39 /* iTunesArtwork@2x.png */ = {isa = PBXFileReference; lastKnownFileType = image.png; path = "iTunesArtwork@2x.png"; sourceTree = "<group>"; };
		7570B1DF1B85EFA100790E39 /* Matched_Up_DesignV3_red.pdf */ = {isa = PBXFileReference; lastKnownFileType = image.pdf; path = Matched_Up_DesignV3_red.pdf; sourceTree = "<group>"; };
		759725E11B760CD400B6ACD6 /* PrefixHeader.pch */ = {isa = PBXFileReference; fileEncoding = 4; lastKnownFileType = sourcecode.c.h; name = PrefixHeader.pch; path = ../PrefixHeader.pch; sourceTree = "<group>"; };
		759725F81B7758BF00B6ACD6 /* Constants.h */ = {isa = PBXFileReference; fileEncoding = 4; lastKnownFileType = sourcecode.c.h; path = Constants.h; sourceTree = "<group>"; };
		759725F91B7758BF00B6ACD6 /* Constants.m */ = {isa = PBXFileReference; fileEncoding = 4; lastKnownFileType = sourcecode.c.objc; path = Constants.m; sourceTree = "<group>"; };
		759725FE1B7B496900B6ACD6 /* HomeViewController.h */ = {isa = PBXFileReference; fileEncoding = 4; lastKnownFileType = sourcecode.c.h; path = HomeViewController.h; sourceTree = "<group>"; };
		759725FF1B7B496900B6ACD6 /* HomeViewController.m */ = {isa = PBXFileReference; fileEncoding = 4; lastKnownFileType = sourcecode.c.objc; path = HomeViewController.m; sourceTree = "<group>"; };
		759726021B7B4CE700B6ACD6 /* SettingsViewController.h */ = {isa = PBXFileReference; fileEncoding = 4; lastKnownFileType = sourcecode.c.h; path = SettingsViewController.h; sourceTree = "<group>"; };
		759726031B7B4CE700B6ACD6 /* SettingsViewController.m */ = {isa = PBXFileReference; fileEncoding = 4; lastKnownFileType = sourcecode.c.objc; path = SettingsViewController.m; sourceTree = "<group>"; };
		759726061B7B5FF000B6ACD6 /* EditProfileViewController.h */ = {isa = PBXFileReference; fileEncoding = 4; lastKnownFileType = sourcecode.c.h; path = EditProfileViewController.h; sourceTree = "<group>"; };
		759726071B7B5FF000B6ACD6 /* EditProfileViewController.m */ = {isa = PBXFileReference; fileEncoding = 4; lastKnownFileType = sourcecode.c.objc; path = EditProfileViewController.m; sourceTree = "<group>"; };
		7597260A1B7B63A900B6ACD6 /* ProfileViewController.h */ = {isa = PBXFileReference; fileEncoding = 4; lastKnownFileType = sourcecode.c.h; path = ProfileViewController.h; sourceTree = "<group>"; };
		7597260B1B7B63A900B6ACD6 /* ProfileViewController.m */ = {isa = PBXFileReference; fileEncoding = 4; lastKnownFileType = sourcecode.c.objc; path = ProfileViewController.m; sourceTree = "<group>"; };
		7597260E1B7D7D4A00B6ACD6 /* TestUser.h */ = {isa = PBXFileReference; fileEncoding = 4; lastKnownFileType = sourcecode.c.h; path = TestUser.h; sourceTree = "<group>"; };
		7597260F1B7D7D4A00B6ACD6 /* TestUser.m */ = {isa = PBXFileReference; fileEncoding = 4; lastKnownFileType = sourcecode.c.objc; path = TestUser.m; sourceTree = "<group>"; };
		759726111B7DB3E200B6ACD6 /* ProfileImage1.jpeg */ = {isa = PBXFileReference; lastKnownFileType = image.jpeg; name = ProfileImage1.jpeg; path = ../../ProfileImage1.jpeg; sourceTree = "<group>"; };
		CE59B481E20B4B20E5DBA8D5 /* Pods.debug.xcconfig */ = {isa = PBXFileReference; includeInIndex = 1; lastKnownFileType = text.xcconfig; name = Pods.debug.xcconfig; path = "Pods/Target Support Files/Pods/Pods.debug.xcconfig"; sourceTree = "<group>"; };
/* End PBXFileReference section */

/* Begin PBXFrameworksBuildPhase section */
		7502BFEF1B760933007D18EF /* Frameworks */ = {
			isa = PBXFrameworksBuildPhase;
			buildActionMask = 2147483647;
			files = (
				0268E285B0BFE2D5B99C2CD0 /* libPods.a in Frameworks */,
			);
			runOnlyForDeploymentPostprocessing = 0;
		};
		7502C00B1B760933007D18EF /* Frameworks */ = {
			isa = PBXFrameworksBuildPhase;
			buildActionMask = 2147483647;
			files = (
			);
			runOnlyForDeploymentPostprocessing = 0;
		};
/* End PBXFrameworksBuildPhase section */

/* Begin PBXGroup section */
		40DCE877B7D54E84B155DB8D /* Pods */ = {
			isa = PBXGroup;
			children = (
				CE59B481E20B4B20E5DBA8D5 /* Pods.debug.xcconfig */,
				3B8E0BACE0CCE57ED328558B /* Pods.release.xcconfig */,
			);
			name = Pods;
			sourceTree = "<group>";
		};
		5942CE6FD32F617A51556A67 /* Frameworks */ = {
			isa = PBXGroup;
			children = (
				4BC8AFA8E1FF9C664554D39D /* libPods.a */,
			);
			name = Frameworks;
			sourceTree = "<group>";
		};
		7502BFE91B760933007D18EF = {
			isa = PBXGroup;
			children = (
				7502BFF41B760933007D18EF /* MatchUp */,
				7502C0111B760933007D18EF /* MatchUpTests */,
				5942CE6FD32F617A51556A67 /* Frameworks */,
				40DCE877B7D54E84B155DB8D /* Pods */,
				7502BFF31B760933007D18EF /* Products */,
			);
			sourceTree = "<group>";
		};
		7502BFF31B760933007D18EF /* Products */ = {
			isa = PBXGroup;
			children = (
				7502BFF21B760933007D18EF /* MatchUp.app */,
				7502C00E1B760933007D18EF /* MatchUpTests.xctest */,
			);
			name = Products;
			sourceTree = "<group>";
		};
		7502BFF41B760933007D18EF /* MatchUp */ = {
			isa = PBXGroup;
			children = (
				7502BFF91B760933007D18EF /* AppDelegate.h */,
				7502BFFA1B760933007D18EF /* AppDelegate.m */,
				7502C0021B760933007D18EF /* Main.storyboard */,
				7597260D1B7D7D0500B6ACD6 /* CreateParseUser */,
				7570B1361B8046DC00790E39 /* Chat */,
				759726091B7B639C00B6ACD6 /* Profile */,
				759726051B7B5FD700B6ACD6 /* Edit Profile */,
				759726011B7B4CD800B6ACD6 /* Settings */,
				759725FC1B7B48FD00B6ACD6 /* Home */,
				7570B12E1B80170D00790E39 /* Match */,
				7570B1321B80467700790E39 /* Matches */,
				759725F81B7758BF00B6ACD6 /* Constants.h */,
				759725F91B7758BF00B6ACD6 /* Constants.m */,
				7502C0051B760933007D18EF /* Images.xcassets */,
				7502C0071B760933007D18EF /* LaunchScreen.xib */,
				759725FB1B7B48E300B6ACD6 /* Login */,
				7502BFF51B760933007D18EF /* Supporting Files */,
			);
			path = MatchUp;
			sourceTree = "<group>";
		};
		7502BFF51B760933007D18EF /* Supporting Files */ = {
			isa = PBXGroup;
			children = (
				7570B13C1B85EFA100790E39 /* Matched_Up_assets */,
				759726111B7DB3E200B6ACD6 /* ProfileImage1.jpeg */,
				7502BFF61B760933007D18EF /* Info.plist */,
				759725E11B760CD400B6ACD6 /* PrefixHeader.pch */,
				7502BFF71B760933007D18EF /* main.m */,
			);
			name = "Supporting Files";
			sourceTree = "<group>";
		};
		7502C0111B760933007D18EF /* MatchUpTests */ = {
			isa = PBXGroup;
			children = (
				7502C0141B760933007D18EF /* MatchUpTests.m */,
				7502C0121B760933007D18EF /* Supporting Files */,
			);
			path = MatchUpTests;
			sourceTree = "<group>";
		};
		7502C0121B760933007D18EF /* Supporting Files */ = {
			isa = PBXGroup;
			children = (
				7502C0131B760933007D18EF /* Info.plist */,
			);
			name = "Supporting Files";
			sourceTree = "<group>";
		};
		7570B12E1B80170D00790E39 /* Match */ = {
			isa = PBXGroup;
			children = (
				7570B12F1B80172100790E39 /* MatchViewController.h */,
				7570B1301B80172100790E39 /* MatchViewController.m */,
			);
			name = Match;
			sourceTree = "<group>";
		};
		7570B1321B80467700790E39 /* Matches */ = {
			isa = PBXGroup;
			children = (
				7570B1331B80468F00790E39 /* MatchesViewController.h */,
				7570B1341B80468F00790E39 /* MatchesViewController.m */,
			);
			name = Matches;
			path = ..;
			sourceTree = "<group>";
		};
		7570B1361B8046DC00790E39 /* Chat */ = {
			isa = PBXGroup;
			children = (
				7570B1371B80533300790E39 /* ChatViewController.h */,
				7570B1381B80533300790E39 /* ChatViewController.m */,
			);
			name = Chat;
			sourceTree = "<group>";
		};
		7570B13C1B85EFA100790E39 /* Matched_Up_assets */ = {
			isa = PBXGroup;
			children = (
				7570B13D1B85EFA100790E39 /* 00_SplashPage */,
				7570B1431B85EFA100790E39 /* 01_LoginScreen */,
				7570B1481B85EFA100790E39 /* 02_HomeScreen */,
				7570B15D1B85EFA100790E39 /* 03_Profile */,
				7570B17A1B85EFA100790E39 /* 04_ChatList */,
				7570B1871B85EFA100790E39 /* 05_ChatWindow */,
				7570B1961B85EFA100790E39 /* 06_Settings */,
				7570B1A51B85EFA100790E39 /* 07_Profile_Edit */,
				7570B1B41B85EFA100790E39 /* 08_Match */,
				7570B1B91B85EFA100790E39 /* _44px_Icon */,
				7570B1C01B85EFA100790E39 /* appicon */,
				7570B1DF1B85EFA100790E39 /* Matched_Up_DesignV3_red.pdf */,
			);
			name = Matched_Up_assets;
			path = ../../Matched_Up_assets;
			sourceTree = "<group>";
		};
		7570B13D1B85EFA100790E39 /* 00_SplashPage */ = {
			isa = PBXGroup;
			children = (
				7570B13E1B85EFA100790E39 /* 960 */,
				7570B1411B85EFA100790E39 /* BG.png */,
				7570B1421B85EFA100790E39 /* BG@2x.png */,
			);
			path = 00_SplashPage;
			sourceTree = "<group>";
		};
		7570B13E1B85EFA100790E39 /* 960 */ = {
			isa = PBXGroup;
			children = (
				7570B13F1B85EFA100790E39 /* BG.png */,
				7570B1401B85EFA100790E39 /* BG@2x.png */,
			);
			path = 960;
			sourceTree = "<group>";
		};
		7570B1431B85EFA100790E39 /* 01_LoginScreen */ = {
			isa = PBXGroup;
			children = (
				7570B1441B85EFA100790E39 /* Facebook.png */,
				7570B1451B85EFA100790E39 /* Facebook@2x.png */,
				7570B1461B85EFA100790E39 /* Logo.png */,
				7570B1471B85EFA100790E39 /* Logo@2x.png */,
			);
			path = 01_LoginScreen;
			sourceTree = "<group>";
		};
		7570B1481B85EFA100790E39 /* 02_HomeScreen */ = {
			isa = PBXGroup;
			children = (
				7570B1491B85EFA100790E39 /* BG.png */,
				7570B14A1B85EFA100790E39 /* BG@2x.png */,
				7570B14B1B85EFA100790E39 /* ChatIcon.png */,
				7570B14C1B85EFA100790E39 /* ChatIcon@2x.png */,
				7570B14D1B85EFA100790E39 /* DislikeIcon.png */,
				7570B14E1B85EFA100790E39 /* DislikeIcon@2x.png */,
				7570B14F1B85EFA100790E39 /* InfoIcon.png */,
				7570B1501B85EFA100790E39 /* InfoIcon@2x.png */,
				7570B1511B85EFA100790E39 /* LikeIcon.png */,
				7570B1521B85EFA100790E39 /* LikeIcon@2x.png */,
				7570B1531B85EFA100790E39 /* Matched-Up.png */,
				7570B1541B85EFA100790E39 /* Matched-Up@2x.png */,
				7570B1551B85EFA100790E39 /* SettingIcon.png */,
				7570B1561B85EFA100790E39 /* SettingIcon@2x.png */,
				7570B1571B85EFA100790E39 /* Top_NavBG.png */,
				7570B1581B85EFA100790E39 /* Top_NavBG@2x.png */,
				7570B1591B85EFA100790E39 /* User_Image.png */,
				7570B15A1B85EFA100790E39 /* User_Image@2x.png */,
				7570B15B1B85EFA100790E39 /* VP_BG.png */,
				7570B15C1B85EFA100790E39 /* VP_BG@2x.png */,
			);
			path = 02_HomeScreen;
			sourceTree = "<group>";
		};
		7570B15D1B85EFA100790E39 /* 03_Profile */ = {
			isa = PBXGroup;
			children = (
				7570B15E1B85EFA100790E39 /* About_BG.png */,
				7570B15F1B85EFA100790E39 /* About_BG@2x.png */,
				7570B1601B85EFA100790E39 /* AgeIcon.png */,
				7570B1611B85EFA100790E39 /* AgeIcon@2x.png */,
				7570B1621B85EFA100790E39 /* BG.png */,
				7570B1631B85EFA100790E39 /* BG@2x.png */,
				7570B1641B85EFA100790E39 /* ChatIcon.png */,
				7570B1651B85EFA100790E39 /* ChatIcon@2x.png */,
				7570B1661B85EFA100790E39 /* DislikeIcon.png */,
				7570B1671B85EFA100790E39 /* DislikeIcon@2x.png */,
				7570B1681B85EFA100790E39 /* InfoIcon.png */,
				7570B1691B85EFA100790E39 /* InfoIcon@2x.png */,
				7570B16A1B85EFA100790E39 /* LikeIcon.png */,
				7570B16B1B85EFA100790E39 /* LikeIcon@2x.png */,
				7570B16C1B85EFA100790E39 /* location.png */,
				7570B16D1B85EFA100790E39 /* location@2x.png */,
				7570B16E1B85EFA100790E39 /* NameAgeStatusBar.png */,
				7570B16F1B85EFA100790E39 /* NameAgeStatusBar@2x.png */,
				7570B1701B85EFA100790E39 /* SettingIcon.png */,
				7570B1711B85EFA100790E39 /* SettingIcon@2x.png */,
				7570B1721B85EFA100790E39 /* Single.png */,
				7570B1731B85EFA100790E39 /* Single@2x.png */,
				7570B1741B85EFA100790E39 /* StatusIcon.png */,
				7570B1751B85EFA100790E39 /* StatusIcon@2x.png */,
				7570B1761B85EFA100790E39 /* UserImage.png */,
				7570B1771B85EFA100790E39 /* UserImage@2x.png */,
				7570B1781B85EFA100790E39 /* VP_BG.png */,
				7570B1791B85EFA100790E39 /* VP_BG@2x.png */,
			);
			path = 03_Profile;
			sourceTree = "<group>";
		};
		7570B17A1B85EFA100790E39 /* 04_ChatList */ = {
			isa = PBXGroup;
			children = (
				7570B17B1B85EFA100790E39 /* back-icon.png */,
				7570B17C1B85EFA100790E39 /* back-icon@2x.png */,
				7570B17D1B85EFA100790E39 /* BG.png */,
				7570B17E1B85EFA100790E39 /* BG@2x.png */,
				7570B17F1B85EFA100790E39 /* Chat_user.png */,
				7570B1801B85EFA100790E39 /* Chat_user@2x.png */,
				7570B1811B85EFA100790E39 /* menu-icon.png */,
				7570B1821B85EFA100790E39 /* menu-icon@2x.png */,
				7570B1831B85EFA100790E39 /* SettingIcon.png */,
				7570B1841B85EFA100790E39 /* SettingIcon@2x.png */,
				7570B1851B85EFA100790E39 /* Top_NavBG.png */,
				7570B1861B85EFA100790E39 /* Top_NavBG@2x.png */,
			);
			path = 04_ChatList;
			sourceTree = "<group>";
		};
		7570B1871B85EFA100790E39 /* 05_ChatWindow */ = {
			isa = PBXGroup;
			children = (
				7570B1881B85EFA100790E39 /* back-icon.png */,
				7570B1891B85EFA100790E39 /* back-icon@2x.png */,
				7570B18A1B85EFA100790E39 /* BG.png */,
				7570B18B1B85EFA100790E39 /* BG@2x.png */,
				7570B18C1B85EFA100790E39 /* form.png */,
				7570B18D1B85EFA100790E39 /* form@2x.png */,
				7570B18E1B85EFA100790E39 /* menu-icon.png */,
				7570B18F1B85EFA100790E39 /* menu-icon@2x.png */,
				7570B1901B85EFA100790E39 /* Send_Bar_BG.png */,
				7570B1911B85EFA100790E39 /* Send_Bar_BG@2x.png */,
				7570B1921B85EFA100790E39 /* SettingIcon.png */,
				7570B1931B85EFA100790E39 /* SettingIcon@2x.png */,
				7570B1941B85EFA100790E39 /* Top_NavBG.png */,
				7570B1951B85EFA100790E39 /* Top_NavBG@2x.png */,
			);
			path = 05_ChatWindow;
			sourceTree = "<group>";
		};
		7570B1961B85EFA100790E39 /* 06_Settings */ = {
			isa = PBXGroup;
			children = (
				7570B1971B85EFA100790E39 /* back-icon.png */,
				7570B1981B85EFA100790E39 /* back-icon@2x.png */,
				7570B1991B85EFA100790E39 /* BG.png */,
				7570B19A1B85EFA100790E39 /* BG@2x.png */,
				7570B19B1B85EFA100790E39 /* EditProfile.png */,
				7570B19C1B85EFA100790E39 /* EditProfile@2x.png */,
				7570B19D1B85EFA100790E39 /* Logout.png */,
				7570B19E1B85EFA100790E39 /* Logout@2x.png */,
				7570B19F1B85EFA100790E39 /* menu-icon.png */,
				7570B1A01B85EFA100790E39 /* menu-icon@2x.png */,
				7570B1A11B85EFA100790E39 /* SettingIcon.png */,
				7570B1A21B85EFA100790E39 /* SettingIcon@2x.png */,
				7570B1A31B85EFA100790E39 /* Top_NavBG.png */,
				7570B1A41B85EFA100790E39 /* Top_NavBG@2x.png */,
			);
			path = 06_Settings;
			sourceTree = "<group>";
		};
		7570B1A51B85EFA100790E39 /* 07_Profile_Edit */ = {
			isa = PBXGroup;
			children = (
				7570B1A61B85EFA100790E39 /* About_BG.png */,
				7570B1A71B85EFA100790E39 /* About_BG@2x.png */,
				7570B1A81B85EFA100790E39 /* back-icon.png */,
				7570B1A91B85EFA100790E39 /* back-icon@2x.png */,
				7570B1AA1B85EFA100790E39 /* BG.png */,
				7570B1AB1B85EFA100790E39 /* BG@2x.png */,
				7570B1AC1B85EFA100790E39 /* menu-icon.png */,
				7570B1AD1B85EFA100790E39 /* menu-icon@2x.png */,
				7570B1AE1B85EFA100790E39 /* SettingIcon.png */,
				7570B1AF1B85EFA100790E39 /* SettingIcon@2x.png */,
				7570B1B01B85EFA100790E39 /* Top_NavBG.png */,
				7570B1B11B85EFA100790E39 /* Top_NavBG@2x.png */,
				7570B1B21B85EFA100790E39 /* UserImage.png */,
				7570B1B31B85EFA100790E39 /* UserImage@2x.png */,
			);
			path = 07_Profile_Edit;
			sourceTree = "<group>";
		};
		7570B1B41B85EFA100790E39 /* 08_Match */ = {
			isa = PBXGroup;
			children = (
				7570B1B51B85EFA100790E39 /* ChatNow_Icon.png */,
				7570B1B61B85EFA100790E39 /* ChatNow_Icon@2x.png */,
				7570B1B71B85EFA100790E39 /* Close-Button.png */,
				7570B1B81B85EFA100790E39 /* Close-Button@2x.png */,
			);
			path = 08_Match;
			sourceTree = "<group>";
		};
		7570B1B91B85EFA100790E39 /* _44px_Icon */ = {
			isa = PBXGroup;
			children = (
				7570B1BA1B85EFA100790E39 /* back-icon.png */,
				7570B1BB1B85EFA100790E39 /* back-icon@2x.png */,
				7570B1BC1B85EFA100790E39 /* ChatIcon.png */,
				7570B1BD1B85EFA100790E39 /* ChatIcon@2x.png */,
				7570B1BE1B85EFA100790E39 /* SettingIcon.png */,
				7570B1BF1B85EFA100790E39 /* SettingIcon@2x.png */,
			);
			path = _44px_Icon;
			sourceTree = "<group>";
		};
		7570B1C01B85EFA100790E39 /* appicon */ = {
			isa = PBXGroup;
			children = (
				7570B1C11B85EFA100790E39 /* _Source */,
				7570B1C31B85EFA100790E39 /* ios */,
				7570B1CE1B85EFA100790E39 /* ios7 */,
			);
			path = appicon;
			sourceTree = "<group>";
		};
		7570B1C11B85EFA100790E39 /* _Source */ = {
			isa = PBXGroup;
			children = (
				7570B1C21B85EFA100790E39 /* 1024_icon-1-01.png */,
			);
			path = _Source;
			sourceTree = "<group>";
		};
		7570B1C31B85EFA100790E39 /* ios */ = {
			isa = PBXGroup;
			children = (
				7570B1C41B85EFA100790E39 /* Icon-72.png */,
				7570B1C51B85EFA100790E39 /* Icon-72@2x.png */,
				7570B1C61B85EFA100790E39 /* Icon-Small-50.png */,
				7570B1C71B85EFA100790E39 /* Icon-Small-50@2x.png */,
				7570B1C81B85EFA100790E39 /* Icon-Small.png */,
				7570B1C91B85EFA100790E39 /* Icon-Small@2x.png */,
				7570B1CA1B85EFA100790E39 /* Icon.png */,
				7570B1CB1B85EFA100790E39 /* Icon@2x.png */,
				7570B1CC1B85EFA100790E39 /* iTunesArtwork.png */,
				7570B1CD1B85EFA100790E39 /* iTunesArtwork@2x.png */,
			);
			path = ios;
			sourceTree = "<group>";
		};
		7570B1CE1B85EFA100790E39 /* ios7 */ = {
			isa = PBXGroup;
			children = (
				7570B1CF1B85EFA100790E39 /* Icon-40.png */,
				7570B1D01B85EFA100790E39 /* Icon-40@2x.png */,
				7570B1D11B85EFA100790E39 /* Icon-60.png */,
				7570B1D21B85EFA100790E39 /* Icon-60@2x.png */,
				7570B1D31B85EFA100790E39 /* Icon-72.png */,
				7570B1D41B85EFA100790E39 /* Icon-72@2x.png */,
				7570B1D51B85EFA100790E39 /* Icon-76.png */,
				7570B1D61B85EFA100790E39 /* Icon-76@2x.png */,
				7570B1D71B85EFA100790E39 /* Icon-Small-50.png */,
				7570B1D81B85EFA100790E39 /* Icon-Small-50@2x.png */,
				7570B1D91B85EFA100790E39 /* Icon-Small.png */,
				7570B1DA1B85EFA100790E39 /* Icon-Small@2x.png */,
				7570B1DB1B85EFA100790E39 /* Icon.png */,
				7570B1DC1B85EFA100790E39 /* Icon@2x.png */,
				7570B1DD1B85EFA100790E39 /* iTunesArtwork.png */,
				7570B1DE1B85EFA100790E39 /* iTunesArtwork@2x.png */,
			);
			path = ios7;
			sourceTree = "<group>";
		};
		759725FB1B7B48E300B6ACD6 /* Login */ = {
			isa = PBXGroup;
			children = (
				7502C01E1B7609B4007D18EF /* LoginViewController.h */,
				7502C01F1B7609B4007D18EF /* LoginViewController.m */,
			);
			name = Login;
			sourceTree = "<group>";
		};
		759725FC1B7B48FD00B6ACD6 /* Home */ = {
			isa = PBXGroup;
			children = (
				759725FE1B7B496900B6ACD6 /* HomeViewController.h */,
				759725FF1B7B496900B6ACD6 /* HomeViewController.m */,
			);
			name = Home;
			sourceTree = "<group>";
		};
		759726011B7B4CD800B6ACD6 /* Settings */ = {
			isa = PBXGroup;
			children = (
				759726021B7B4CE700B6ACD6 /* SettingsViewController.h */,
				759726031B7B4CE700B6ACD6 /* SettingsViewController.m */,
				7570B13A1B84438400790E39 /* defaultPrefsFile.plist */,
			);
			name = Settings;
			sourceTree = "<group>";
		};
		759726051B7B5FD700B6ACD6 /* Edit Profile */ = {
			isa = PBXGroup;
			children = (
				759726061B7B5FF000B6ACD6 /* EditProfileViewController.h */,
				759726071B7B5FF000B6ACD6 /* EditProfileViewController.m */,
			);
			name = "Edit Profile";
			sourceTree = "<group>";
		};
		759726091B7B639C00B6ACD6 /* Profile */ = {
			isa = PBXGroup;
			children = (
				7597260A1B7B63A900B6ACD6 /* ProfileViewController.h */,
				7597260B1B7B63A900B6ACD6 /* ProfileViewController.m */,
			);
			name = Profile;
			sourceTree = "<group>";
		};
		7597260D1B7D7D0500B6ACD6 /* CreateParseUser */ = {
			isa = PBXGroup;
			children = (
				7597260E1B7D7D4A00B6ACD6 /* TestUser.h */,
				7597260F1B7D7D4A00B6ACD6 /* TestUser.m */,
			);
			name = CreateParseUser;
			sourceTree = "<group>";
		};
/* End PBXGroup section */

/* Begin PBXNativeTarget section */
		7502BFF11B760933007D18EF /* MatchUp */ = {
			isa = PBXNativeTarget;
			buildConfigurationList = 7502C0181B760933007D18EF /* Build configuration list for PBXNativeTarget "MatchUp" */;
			buildPhases = (
				388AD7116D2B45D1C07464CD /* Check Pods Manifest.lock */,
				7502BFEE1B760933007D18EF /* Sources */,
				7502BFEF1B760933007D18EF /* Frameworks */,
				7502BFF01B760933007D18EF /* Resources */,
				5642D25F6A7B3DB64BD1A4BF /* Copy Pods Resources */,
			);
			buildRules = (
			);
			dependencies = (
			);
			name = MatchUp;
			productName = MatchUp;
			productReference = 7502BFF21B760933007D18EF /* MatchUp.app */;
			productType = "com.apple.product-type.application";
		};
		7502C00D1B760933007D18EF /* MatchUpTests */ = {
			isa = PBXNativeTarget;
			buildConfigurationList = 7502C01B1B760933007D18EF /* Build configuration list for PBXNativeTarget "MatchUpTests" */;
			buildPhases = (
				7502C00A1B760933007D18EF /* Sources */,
				7502C00B1B760933007D18EF /* Frameworks */,
				7502C00C1B760933007D18EF /* Resources */,
			);
			buildRules = (
			);
			dependencies = (
				7502C0101B760933007D18EF /* PBXTargetDependency */,
			);
			name = MatchUpTests;
			productName = MatchUpTests;
			productReference = 7502C00E1B760933007D18EF /* MatchUpTests.xctest */;
			productType = "com.apple.product-type.bundle.unit-test";
		};
/* End PBXNativeTarget section */

/* Begin PBXProject section */
		7502BFEA1B760933007D18EF /* Project object */ = {
			isa = PBXProject;
			attributes = {
				LastUpgradeCheck = 0640;
				ORGANIZATIONNAME = "Vincent Chau";
				TargetAttributes = {
					7502BFF11B760933007D18EF = {
						CreatedOnToolsVersion = 6.4;
					};
					7502C00D1B760933007D18EF = {
						CreatedOnToolsVersion = 6.4;
						TestTargetID = 7502BFF11B760933007D18EF;
					};
				};
			};
			buildConfigurationList = 7502BFED1B760933007D18EF /* Build configuration list for PBXProject "MatchUp" */;
			compatibilityVersion = "Xcode 3.2";
			developmentRegion = English;
			hasScannedForEncodings = 0;
			knownRegions = (
				en,
				Base,
			);
			mainGroup = 7502BFE91B760933007D18EF;
			productRefGroup = 7502BFF31B760933007D18EF /* Products */;
			projectDirPath = "";
			projectRoot = "";
			targets = (
				7502BFF11B760933007D18EF /* MatchUp */,
				7502C00D1B760933007D18EF /* MatchUpTests */,
			);
		};
/* End PBXProject section */

/* Begin PBXResourcesBuildPhase section */
		7502BFF01B760933007D18EF /* Resources */ = {
			isa = PBXResourcesBuildPhase;
			buildActionMask = 2147483647;
			files = (
				7570B2031B85EFA100790E39 /* ChatIcon@2x.png in Resources */,
				7570B1E61B85EFA100790E39 /* Logo.png in Resources */,
				7570B23B1B85EFA100790E39 /* menu-icon@2x.png in Resources */,
				7570B2641B85EFA100790E39 /* Icon-40@2x.png in Resources */,
				7570B21A1B85EFA100790E39 /* BG.png in Resources */,
				7570B1F21B85EFA100790E39 /* Matched-Up.png in Resources */,
				7570B2091B85EFA100790E39 /* LikeIcon@2x.png in Resources */,
				7570B1FD1B85EFA100790E39 /* About_BG@2x.png in Resources */,
				7502C0041B760933007D18EF /* Main.storyboard in Resources */,
				7570B2161B85EFA100790E39 /* VP_BG.png in Resources */,
				7570B2561B85EFA100790E39 /* SettingIcon.png in Resources */,
				7570B25A1B85EFA100790E39 /* Icon-72@2x.png in Resources */,
				7570B2221B85EFA100790E39 /* Top_NavBG.png in Resources */,
				7570B1E91B85EFA100790E39 /* BG@2x.png in Resources */,
				7570B24E1B85EFA100790E39 /* ChatNow_Icon.png in Resources */,
				7570B2041B85EFA100790E39 /* DislikeIcon.png in Resources */,
				7570B2581B85EFA100790E39 /* 1024_icon-1-01.png in Resources */,
				7570B2281B85EFA100790E39 /* form.png in Resources */,
				7570B21C1B85EFA100790E39 /* Chat_user.png in Resources */,
				7570B2701B85EFA100790E39 /* Icon@2x.png in Resources */,
				7570B1FC1B85EFA100790E39 /* About_BG.png in Resources */,
				7570B1F81B85EFA100790E39 /* User_Image.png in Resources */,
				7570B2291B85EFA100790E39 /* form@2x.png in Resources */,
				7570B25E1B85EFA100790E39 /* Icon-Small@2x.png in Resources */,
				7570B2251B85EFA100790E39 /* back-icon@2x.png in Resources */,
				7570B25C1B85EFA100790E39 /* Icon-Small-50@2x.png in Resources */,
				7570B2191B85EFA100790E39 /* back-icon@2x.png in Resources */,
				7570B22F1B85EFA100790E39 /* SettingIcon@2x.png in Resources */,
				7570B2241B85EFA100790E39 /* back-icon.png in Resources */,
				7570B1E41B85EFA100790E39 /* Facebook.png in Resources */,
				7570B22B1B85EFA100790E39 /* menu-icon@2x.png in Resources */,
				7570B2731B85EFA100790E39 /* Matched_Up_DesignV3_red.pdf in Resources */,
				7570B2541B85EFA100790E39 /* ChatIcon.png in Resources */,
				7570B2661B85EFA100790E39 /* Icon-60@2x.png in Resources */,
				7570B26B1B85EFA100790E39 /* Icon-Small-50.png in Resources */,
				7570B2071B85EFA100790E39 /* InfoIcon@2x.png in Resources */,
				7570B26C1B85EFA100790E39 /* Icon-Small-50@2x.png in Resources */,
				7570B1E71B85EFA100790E39 /* Logo@2x.png in Resources */,
				7570B1F91B85EFA100790E39 /* User_Image@2x.png in Resources */,
				7570B2381B85EFA100790E39 /* Logout.png in Resources */,
				7570B2181B85EFA100790E39 /* back-icon.png in Resources */,
				7570B2121B85EFA100790E39 /* StatusIcon.png in Resources */,
				7570B2371B85EFA100790E39 /* EditProfile@2x.png in Resources */,
				7570B1ED1B85EFA100790E39 /* DislikeIcon@2x.png in Resources */,
				7570B1F71B85EFA100790E39 /* Top_NavBG@2x.png in Resources */,
				7570B1FA1B85EFA100790E39 /* VP_BG.png in Resources */,
				7570B22E1B85EFA100790E39 /* SettingIcon.png in Resources */,
				7570B21B1B85EFA100790E39 /* BG@2x.png in Resources */,
				7570B2141B85EFA100790E39 /* UserImage.png in Resources */,
				7570B1F41B85EFA100790E39 /* SettingIcon.png in Resources */,
				7570B26A1B85EFA100790E39 /* Icon-76@2x.png in Resources */,
				7570B2171B85EFA100790E39 /* VP_BG@2x.png in Resources */,
				7570B2721B85EFA100790E39 /* iTunesArtwork@2x.png in Resources */,
				7570B26D1B85EFA100790E39 /* Icon-Small.png in Resources */,
				7570B1E51B85EFA100790E39 /* Facebook@2x.png in Resources */,
				7570B23F1B85EFA100790E39 /* Top_NavBG@2x.png in Resources */,
				7570B2311B85EFA100790E39 /* Top_NavBG@2x.png in Resources */,
				7570B2211B85EFA100790E39 /* SettingIcon@2x.png in Resources */,
				7570B2101B85EFA100790E39 /* Single.png in Resources */,
				7570B1EC1B85EFA100790E39 /* DislikeIcon.png in Resources */,
				7570B24F1B85EFA100790E39 /* ChatNow_Icon@2x.png in Resources */,
				7570B24C1B85EFA100790E39 /* UserImage.png in Resources */,
				7570B2651B85EFA100790E39 /* Icon-60.png in Resources */,
				7570B2111B85EFA100790E39 /* Single@2x.png in Resources */,
				7570B23A1B85EFA100790E39 /* menu-icon.png in Resources */,
				7570B2021B85EFA100790E39 /* ChatIcon.png in Resources */,
				7570B2331B85EFA100790E39 /* back-icon@2x.png in Resources */,
				7570B24A1B85EFA100790E39 /* Top_NavBG.png in Resources */,
				759726121B7DB3E200B6ACD6 /* ProfileImage1.jpeg in Resources */,
				7570B2451B85EFA100790E39 /* BG@2x.png in Resources */,
				7570B20C1B85EFA100790E39 /* NameAgeStatusBar.png in Resources */,
				7570B2441B85EFA100790E39 /* BG.png in Resources */,
				7570B1F31B85EFA100790E39 /* Matched-Up@2x.png in Resources */,
				7570B20D1B85EFA100790E39 /* NameAgeStatusBar@2x.png in Resources */,
				7570B22D1B85EFA100790E39 /* Send_Bar_BG@2x.png in Resources */,
				7570B2351B85EFA100790E39 /* BG@2x.png in Resources */,
				7570B1E81B85EFA100790E39 /* BG.png in Resources */,
				7570B2481B85EFA100790E39 /* SettingIcon.png in Resources */,
				7570B26F1B85EFA100790E39 /* Icon.png in Resources */,
				7570B1EF1B85EFA100790E39 /* InfoIcon@2x.png in Resources */,
				7570B2341B85EFA100790E39 /* BG.png in Resources */,
				7570B2491B85EFA100790E39 /* SettingIcon@2x.png in Resources */,
				7570B1EB1B85EFA100790E39 /* ChatIcon@2x.png in Resources */,
				7570B22C1B85EFA100790E39 /* Send_Bar_BG.png in Resources */,
				7570B2711B85EFA100790E39 /* iTunesArtwork.png in Resources */,
				7570B2681B85EFA100790E39 /* Icon-72@2x.png in Resources */,
				7570B2061B85EFA100790E39 /* InfoIcon.png in Resources */,
				7570B1EA1B85EFA100790E39 /* ChatIcon.png in Resources */,
				7570B25D1B85EFA100790E39 /* Icon-Small.png in Resources */,
				7570B23D1B85EFA100790E39 /* SettingIcon@2x.png in Resources */,
				7570B21F1B85EFA100790E39 /* menu-icon@2x.png in Resources */,
				7570B2571B85EFA100790E39 /* SettingIcon@2x.png in Resources */,
				7570B1F11B85EFA100790E39 /* LikeIcon@2x.png in Resources */,
				7570B2321B85EFA100790E39 /* back-icon.png in Resources */,
				7570B2601B85EFA100790E39 /* Icon@2x.png in Resources */,
				7570B25B1B85EFA100790E39 /* Icon-Small-50.png in Resources */,
				7570B2461B85EFA100790E39 /* menu-icon.png in Resources */,
				7570B1E21B85EFA100790E39 /* BG.png in Resources */,
				7570B20B1B85EFA100790E39 /* location@2x.png in Resources */,
				7570B2301B85EFA100790E39 /* Top_NavBG.png in Resources */,
				7570B2411B85EFA100790E39 /* About_BG@2x.png in Resources */,
				7570B20E1B85EFA100790E39 /* SettingIcon.png in Resources */,
				7570B1E01B85EFA100790E39 /* BG.png in Resources */,
				7502C0091B760933007D18EF /* LaunchScreen.xib in Resources */,
				7570B2551B85EFA100790E39 /* ChatIcon@2x.png in Resources */,
				7570B2361B85EFA100790E39 /* EditProfile.png in Resources */,
				7570B2401B85EFA100790E39 /* About_BG.png in Resources */,
				7570B2431B85EFA100790E39 /* back-icon@2x.png in Resources */,
				7570B2131B85EFA100790E39 /* StatusIcon@2x.png in Resources */,
				7570B1FB1B85EFA100790E39 /* VP_BG@2x.png in Resources */,
				7570B21D1B85EFA100790E39 /* Chat_user@2x.png in Resources */,
				7570B1F61B85EFA100790E39 /* Top_NavBG.png in Resources */,
				7570B2001B85EFA100790E39 /* BG.png in Resources */,
				7570B22A1B85EFA100790E39 /* menu-icon.png in Resources */,
				7570B2691B85EFA100790E39 /* Icon-76.png in Resources */,
				7570B20F1B85EFA100790E39 /* SettingIcon@2x.png in Resources */,
				7570B1E31B85EFA100790E39 /* BG@2x.png in Resources */,
				7570B1EE1B85EFA100790E39 /* InfoIcon.png in Resources */,
				7502C0061B760933007D18EF /* Images.xcassets in Resources */,
				7570B2201B85EFA100790E39 /* SettingIcon.png in Resources */,
				7570B1F01B85EFA100790E39 /* LikeIcon.png in Resources */,
				7570B2511B85EFA100790E39 /* Close-Button@2x.png in Resources */,
				7570B26E1B85EFA100790E39 /* Icon-Small@2x.png in Resources */,
				7570B1FF1B85EFA100790E39 /* AgeIcon@2x.png in Resources */,
				7570B20A1B85EFA100790E39 /* location.png in Resources */,
				7570B2081B85EFA100790E39 /* LikeIcon.png in Resources */,
				7570B24D1B85EFA100790E39 /* UserImage@2x.png in Resources */,
				7570B2501B85EFA100790E39 /* Close-Button.png in Resources */,
				7570B23C1B85EFA100790E39 /* SettingIcon.png in Resources */,
				7570B2531B85EFA100790E39 /* back-icon@2x.png in Resources */,
				7570B24B1B85EFA100790E39 /* Top_NavBG@2x.png in Resources */,
				7570B2671B85EFA100790E39 /* Icon-72.png in Resources */,
				7570B2261B85EFA100790E39 /* BG.png in Resources */,
				7570B1FE1B85EFA100790E39 /* AgeIcon.png in Resources */,
				7570B2011B85EFA100790E39 /* BG@2x.png in Resources */,
				7570B2271B85EFA100790E39 /* BG@2x.png in Resources */,
				7570B2471B85EFA100790E39 /* menu-icon@2x.png in Resources */,
				7570B2051B85EFA100790E39 /* DislikeIcon@2x.png in Resources */,
				7570B2421B85EFA100790E39 /* back-icon.png in Resources */,
				7570B2621B85EFA100790E39 /* iTunesArtwork@2x.png in Resources */,
				7570B2611B85EFA100790E39 /* iTunesArtwork.png in Resources */,
				7570B23E1B85EFA100790E39 /* Top_NavBG.png in Resources */,
				7570B2591B85EFA100790E39 /* Icon-72.png in Resources */,
				7570B25F1B85EFA100790E39 /* Icon.png in Resources */,
				7570B2231B85EFA100790E39 /* Top_NavBG@2x.png in Resources */,
				7570B1F51B85EFA100790E39 /* SettingIcon@2x.png in Resources */,
				7570B2151B85EFA100790E39 /* UserImage@2x.png in Resources */,
				7570B13B1B84438400790E39 /* defaultPrefsFile.plist in Resources */,
				7570B1E11B85EFA100790E39 /* BG@2x.png in Resources */,
				7570B21E1B85EFA100790E39 /* menu-icon.png in Resources */,
				7570B2391B85EFA100790E39 /* Logout@2x.png in Resources */,
				7570B2631B85EFA100790E39 /* Icon-40.png in Resources */,
				7570B2521B85EFA100790E39 /* back-icon.png in Resources */,
			);
			runOnlyForDeploymentPostprocessing = 0;
		};
		7502C00C1B760933007D18EF /* Resources */ = {
			isa = PBXResourcesBuildPhase;
			buildActionMask = 2147483647;
			files = (
			);
			runOnlyForDeploymentPostprocessing = 0;
		};
/* End PBXResourcesBuildPhase section */

/* Begin PBXShellScriptBuildPhase section */
		388AD7116D2B45D1C07464CD /* Check Pods Manifest.lock */ = {
			isa = PBXShellScriptBuildPhase;
			buildActionMask = 2147483647;
			files = (
			);
			inputPaths = (
			);
			name = "Check Pods Manifest.lock";
			outputPaths = (
			);
			runOnlyForDeploymentPostprocessing = 0;
			shellPath = /bin/sh;
			shellScript = "diff \"${PODS_ROOT}/../Podfile.lock\" \"${PODS_ROOT}/Manifest.lock\" > /dev/null\nif [[ $? != 0 ]] ; then\n    cat << EOM\nerror: The sandbox is not in sync with the Podfile.lock. Run 'pod install' or update your CocoaPods installation.\nEOM\n    exit 1\nfi\n";
			showEnvVarsInLog = 0;
		};
		5642D25F6A7B3DB64BD1A4BF /* Copy Pods Resources */ = {
			isa = PBXShellScriptBuildPhase;
			buildActionMask = 2147483647;
			files = (
			);
			inputPaths = (
			);
			name = "Copy Pods Resources";
			outputPaths = (
			);
			runOnlyForDeploymentPostprocessing = 0;
			shellPath = /bin/sh;
			shellScript = "\"${SRCROOT}/Pods/Target Support Files/Pods/Pods-resources.sh\"\n";
			showEnvVarsInLog = 0;
		};
/* End PBXShellScriptBuildPhase section */

/* Begin PBXSourcesBuildPhase section */
		7502BFEE1B760933007D18EF /* Sources */ = {
			isa = PBXSourcesBuildPhase;
			buildActionMask = 2147483647;
			files = (
				7502BFFB1B760933007D18EF /* AppDelegate.m in Sources */,
				7570B1351B80468F00790E39 /* MatchesViewController.m in Sources */,
				7570B1391B80533300790E39 /* ChatViewController.m in Sources */,
				7502BFF81B760933007D18EF /* main.m in Sources */,
				7597260C1B7B63A900B6ACD6 /* ProfileViewController.m in Sources */,
				759726081B7B5FF000B6ACD6 /* EditProfileViewController.m in Sources */,
				759726101B7D7D4A00B6ACD6 /* TestUser.m in Sources */,
				7502C0201B7609B4007D18EF /* LoginViewController.m in Sources */,
				759726041B7B4CE700B6ACD6 /* SettingsViewController.m in Sources */,
				759726001B7B496900B6ACD6 /* HomeViewController.m in Sources */,
				7570B1311B80172100790E39 /* MatchViewController.m in Sources */,
				759725FA1B7758BF00B6ACD6 /* Constants.m in Sources */,
			);
			runOnlyForDeploymentPostprocessing = 0;
		};
		7502C00A1B760933007D18EF /* Sources */ = {
			isa = PBXSourcesBuildPhase;
			buildActionMask = 2147483647;
			files = (
				7502C0151B760933007D18EF /* MatchUpTests.m in Sources */,
			);
			runOnlyForDeploymentPostprocessing = 0;
		};
/* End PBXSourcesBuildPhase section */

/* Begin PBXTargetDependency section */
		7502C0101B760933007D18EF /* PBXTargetDependency */ = {
			isa = PBXTargetDependency;
			target = 7502BFF11B760933007D18EF /* MatchUp */;
			targetProxy = 7502C00F1B760933007D18EF /* PBXContainerItemProxy */;
		};
/* End PBXTargetDependency section */

/* Begin PBXVariantGroup section */
		7502C0021B760933007D18EF /* Main.storyboard */ = {
			isa = PBXVariantGroup;
			children = (
				7502C0031B760933007D18EF /* Base */,
			);
			name = Main.storyboard;
			sourceTree = "<group>";
		};
		7502C0071B760933007D18EF /* LaunchScreen.xib */ = {
			isa = PBXVariantGroup;
			children = (
				7502C0081B760933007D18EF /* Base */,
			);
			name = LaunchScreen.xib;
			sourceTree = "<group>";
		};
/* End PBXVariantGroup section */

/* Begin XCBuildConfiguration section */
		7502C0161B760933007D18EF /* Debug */ = {
			isa = XCBuildConfiguration;
			buildSettings = {
				ALWAYS_SEARCH_USER_PATHS = NO;
				CLANG_CXX_LANGUAGE_STANDARD = "gnu++0x";
				CLANG_CXX_LIBRARY = "libc++";
				CLANG_ENABLE_MODULES = YES;
				CLANG_ENABLE_OBJC_ARC = YES;
				CLANG_WARN_BOOL_CONVERSION = YES;
				CLANG_WARN_CONSTANT_CONVERSION = YES;
				CLANG_WARN_DIRECT_OBJC_ISA_USAGE = YES_ERROR;
				CLANG_WARN_EMPTY_BODY = YES;
				CLANG_WARN_ENUM_CONVERSION = YES;
				CLANG_WARN_INT_CONVERSION = YES;
				CLANG_WARN_OBJC_ROOT_CLASS = YES_ERROR;
				CLANG_WARN_UNREACHABLE_CODE = YES;
				CLANG_WARN__DUPLICATE_METHOD_MATCH = YES;
				"CODE_SIGN_IDENTITY[sdk=iphoneos*]" = "iPhone Developer";
				COPY_PHASE_STRIP = NO;
				DEBUG_INFORMATION_FORMAT = "dwarf-with-dsym";
				ENABLE_STRICT_OBJC_MSGSEND = YES;
				GCC_C_LANGUAGE_STANDARD = gnu99;
				GCC_DYNAMIC_NO_PIC = NO;
				GCC_NO_COMMON_BLOCKS = YES;
				GCC_OPTIMIZATION_LEVEL = 0;
				GCC_PREPROCESSOR_DEFINITIONS = (
					"DEBUG=1",
					"$(inherited)",
				);
				GCC_SYMBOLS_PRIVATE_EXTERN = NO;
				GCC_WARN_64_TO_32_BIT_CONVERSION = YES;
				GCC_WARN_ABOUT_RETURN_TYPE = YES_ERROR;
				GCC_WARN_UNDECLARED_SELECTOR = YES;
				GCC_WARN_UNINITIALIZED_AUTOS = YES_AGGRESSIVE;
				GCC_WARN_UNUSED_FUNCTION = YES;
				GCC_WARN_UNUSED_VARIABLE = YES;
				IPHONEOS_DEPLOYMENT_TARGET = 8.4;
				MTL_ENABLE_DEBUG_INFO = YES;
				ONLY_ACTIVE_ARCH = YES;
				SDKROOT = iphoneos;
			};
			name = Debug;
		};
		7502C0171B760933007D18EF /* Release */ = {
			isa = XCBuildConfiguration;
			buildSettings = {
				ALWAYS_SEARCH_USER_PATHS = NO;
				CLANG_CXX_LANGUAGE_STANDARD = "gnu++0x";
				CLANG_CXX_LIBRARY = "libc++";
				CLANG_ENABLE_MODULES = YES;
				CLANG_ENABLE_OBJC_ARC = YES;
				CLANG_WARN_BOOL_CONVERSION = YES;
				CLANG_WARN_CONSTANT_CONVERSION = YES;
				CLANG_WARN_DIRECT_OBJC_ISA_USAGE = YES_ERROR;
				CLANG_WARN_EMPTY_BODY = YES;
				CLANG_WARN_ENUM_CONVERSION = YES;
				CLANG_WARN_INT_CONVERSION = YES;
				CLANG_WARN_OBJC_ROOT_CLASS = YES_ERROR;
				CLANG_WARN_UNREACHABLE_CODE = YES;
				CLANG_WARN__DUPLICATE_METHOD_MATCH = YES;
				"CODE_SIGN_IDENTITY[sdk=iphoneos*]" = "iPhone Developer";
				COPY_PHASE_STRIP = NO;
				DEBUG_INFORMATION_FORMAT = "dwarf-with-dsym";
				ENABLE_NS_ASSERTIONS = NO;
				ENABLE_STRICT_OBJC_MSGSEND = YES;
				GCC_C_LANGUAGE_STANDARD = gnu99;
				GCC_NO_COMMON_BLOCKS = YES;
				GCC_WARN_64_TO_32_BIT_CONVERSION = YES;
				GCC_WARN_ABOUT_RETURN_TYPE = YES_ERROR;
				GCC_WARN_UNDECLARED_SELECTOR = YES;
				GCC_WARN_UNINITIALIZED_AUTOS = YES_AGGRESSIVE;
				GCC_WARN_UNUSED_FUNCTION = YES;
				GCC_WARN_UNUSED_VARIABLE = YES;
				IPHONEOS_DEPLOYMENT_TARGET = 8.4;
				MTL_ENABLE_DEBUG_INFO = NO;
				SDKROOT = iphoneos;
				VALIDATE_PRODUCT = YES;
			};
			name = Release;
		};
		7502C0191B760933007D18EF /* Debug */ = {
			isa = XCBuildConfiguration;
			baseConfigurationReference = CE59B481E20B4B20E5DBA8D5 /* Pods.debug.xcconfig */;
			buildSettings = {
				ASSETCATALOG_COMPILER_APPICON_NAME = AppIcon;
				GCC_PREFIX_HEADER = "$(SRCROOT)/PrefixHeader.pch";
				INFOPLIST_FILE = MatchUp/Info.plist;
				LD_RUNPATH_SEARCH_PATHS = "$(inherited) @executable_path/Frameworks";
				PRODUCT_NAME = "$(TARGET_NAME)";
				"TEST_HOST[sdk=*]" = "";
			};
			name = Debug;
		};
		7502C01A1B760933007D18EF /* Release */ = {
			isa = XCBuildConfiguration;
			baseConfigurationReference = 3B8E0BACE0CCE57ED328558B /* Pods.release.xcconfig */;
			buildSettings = {
				ASSETCATALOG_COMPILER_APPICON_NAME = AppIcon;
				GCC_PREFIX_HEADER = "$(SRCROOT)/PrefixHeader.pch";
				INFOPLIST_FILE = MatchUp/Info.plist;
				LD_RUNPATH_SEARCH_PATHS = "$(inherited) @executable_path/Frameworks";
				PRODUCT_NAME = "$(TARGET_NAME)";
				"TEST_HOST[sdk=*]" = "";
			};
			name = Release;
		};
		7502C01C1B760933007D18EF /* Debug */ = {
			isa = XCBuildConfiguration;
			buildSettings = {
				BUNDLE_LOADER = "$(TEST_HOST)";
				FRAMEWORK_SEARCH_PATHS = (
					"$(SDKROOT)/Developer/Library/Frameworks",
					"$(inherited)",
				);
				GCC_PREPROCESSOR_DEFINITIONS = (
					"DEBUG=1",
					"$(inherited)",
				);
				INFOPLIST_FILE = MatchUpTests/Info.plist;
				LD_RUNPATH_SEARCH_PATHS = "$(inherited) @executable_path/Frameworks @loader_path/Frameworks";
				PRODUCT_NAME = "$(TARGET_NAME)";
				TEST_HOST = "$(BUILT_PRODUCTS_DIR)/MatchUp.app/MatchUp";
			};
			name = Debug;
		};
		7502C01D1B760933007D18EF /* Release */ = {
			isa = XCBuildConfiguration;
			buildSettings = {
				BUNDLE_LOADER = "$(TEST_HOST)";
				FRAMEWORK_SEARCH_PATHS = (
					"$(SDKROOT)/Developer/Library/Frameworks",
					"$(inherited)",
				);
				INFOPLIST_FILE = MatchUpTests/Info.plist;
				LD_RUNPATH_SEARCH_PATHS = "$(inherited) @executable_path/Frameworks @loader_path/Frameworks";
				PRODUCT_NAME = "$(TARGET_NAME)";
				TEST_HOST = "$(BUILT_PRODUCTS_DIR)/MatchUp.app/MatchUp";
			};
			name = Release;
		};
/* End XCBuildConfiguration section */

/* Begin XCConfigurationList section */
		7502BFED1B760933007D18EF /* Build configuration list for PBXProject "MatchUp" */ = {
			isa = XCConfigurationList;
			buildConfigurations = (
				7502C0161B760933007D18EF /* Debug */,
				7502C0171B760933007D18EF /* Release */,
			);
			defaultConfigurationIsVisible = 0;
			defaultConfigurationName = Release;
		};
		7502C0181B760933007D18EF /* Build configuration list for PBXNativeTarget "MatchUp" */ = {
			isa = XCConfigurationList;
			buildConfigurations = (
				7502C0191B760933007D18EF /* Debug */,
				7502C01A1B760933007D18EF /* Release */,
			);
			defaultConfigurationIsVisible = 0;
			defaultConfigurationName = Release;
		};
		7502C01B1B760933007D18EF /* Build configuration list for PBXNativeTarget "MatchUpTests" */ = {
			isa = XCConfigurationList;
			buildConfigurations = (
				7502C01C1B760933007D18EF /* Debug */,
				7502C01D1B760933007D18EF /* Release */,
			);
			defaultConfigurationIsVisible = 0;
			defaultConfigurationName = Release;
		};
/* End XCConfigurationList section */
	};
	rootObject = 7502BFEA1B760933007D18EF /* Project object */;
}
